{"format_version":"1.1","terraform_version":"1.2.4","variables":{"azure_resource_group_name":{"value":"example-resources"},"azure_tm_endpoints":{"value":"example-tm-endpoints"},"azure_tmp":{"value":"tmp1"},"azure_vm_size":{"value":"Standard_F2"},"data_disk_count":{"value":1},"location":{"value":["UK South","France Central"]},"network_address":{"value":{"France Central":"10.1.0.0/22","UK South":"10.0.0.0/22"}},"resource_instance_count":{"value":"2"},"resource_name":{"value":"terraform-session"},"unique_ID":{"value":"001"},"vm_data_disk_size":{"value":32}},"planned_values":{"root_module":{"child_modules":[{"resources":[{"address":"module.server[\"France Central\"].azurerm_availability_set.example_aset[0]","mode":"managed","type":"azurerm_availability_set","name":"example_aset","index":0,"provider_name":"registry.terraform.io/hashicorp/azurerm","schema_version":0,"values":{"location":"northeurope","managed":true,"name":"terraform-session-NE","platform_fault_domain_count":2,"platform_update_domain_count":2,"proximity_placement_group_id":null,"resource_group_name":"example-resources-NE-001","tags":null,"timeouts":null},"sensitive_values":{}},{"address":"module.server[\"France Central\"].azurerm_linux_virtual_machine.main[0]","mode":"managed","type":"azurerm_linux_virtual_machine","name":"main","index":0,"provider_name":"registry.terraform.io/hashicorp/azurerm","schema_version":0,"values":{"additional_capabilities":[],"admin_ssh_key":[],"admin_username":"Graduates","allow_extension_operations":true,"boot_diagnostics":[],"capacity_reservation_group_id":null,"custom_data":null,"dedicated_host_group_id":null,"dedicated_host_id":null,"disable_password_authentication":false,"edge_zone":null,"encryption_at_host_enabled":null,"eviction_policy":null,"extensions_time_budget":"PT1H30M","identity":[],"license_type":null,"location":"northeurope","max_bid_price":-1,"name":"terraform-session-NE-vm1","os_disk":[{"caching":"ReadOnly","diff_disk_settings":[],"disk_encryption_set_id":null,"disk_size_gb":32,"name":"MyOSDisk1","secure_vm_disk_encryption_set_id":null,"security_encryption_type":null,"storage_account_type":"Standard_LRS","write_accelerator_enabled":false}],"patch_mode":"ImageDefault","plan":[],"platform_fault_domain":-1,"priority":"Regular","provision_vm_agent":true,"proximity_placement_group_id":null,"resource_group_name":"example-resources-NE-001","secret":[],"secure_boot_enabled":null,"size":"Standard_F2","source_image_id":null,"source_image_reference":[{"offer":"UbuntuServer","publisher":"Canonical","sku":"16.04-LTS","version":"latest"}],"tags":{"environment":"Production"},"timeouts":null,"user_data":null,"virtual_machine_scale_set_id":null,"vtpm_enabled":null,"zone":null},"sensitive_values":{"additional_capabilities":[],"admin_password":true,"admin_ssh_key":[],"boot_diagnostics":[],"identity":[],"network_interface_ids":[],"os_disk":[{"diff_disk_settings":[]}],"plan":[],"private_ip_addresses":[],"public_ip_addresses":[],"secret":[],"source_image_reference":[{}],"tags":{},"termination_notification":[]}},{"address":"module.server[\"France Central\"].azurerm_linux_virtual_machine.main[1]","mode":"managed","type":"azurerm_linux_virtual_machine","name":"main","index":1,"provider_name":"registry.terraform.io/hashicorp/azurerm","schema_version":0,"values":{"additional_capabilities":[],"admin_ssh_key":[],"admin_username":"Graduates","allow_extension_operations":true,"boot_diagnostics":[],"capacity_reservation_group_id":null,"custom_data":null,"dedicated_host_group_id":null,"dedicated_host_id":null,"disable_password_authentication":false,"edge_zone":null,"encryption_at_host_enabled":null,"eviction_policy":null,"extensions_time_budget":"PT1H30M","identity":[],"license_type":null,"location":"northeurope","max_bid_price":-1,"name":"terraform-session-NE-vm2","os_disk":[{"caching":"ReadOnly","diff_disk_settings":[],"disk_encryption_set_id":null,"disk_size_gb":32,"name":"MyOSDisk2","secure_vm_disk_encryption_set_id":null,"security_encryption_type":null,"storage_account_type":"Standard_LRS","write_accelerator_enabled":false}],"patch_mode":"ImageDefault","plan":[],"platform_fault_domain":-1,"priority":"Regular","provision_vm_agent":true,"proximity_placement_group_id":null,"resource_group_name":"example-resources-NE-001","secret":[],"secure_boot_enabled":null,"size":"Standard_F2","source_image_id":null,"source_image_reference":[{"offer":"UbuntuServer","publisher":"Canonical","sku":"16.04-LTS","version":"latest"}],"tags":{"environment":"Production"},"timeouts":null,"user_data":null,"virtual_machine_scale_set_id":null,"vtpm_enabled":null,"zone":null},"sensitive_values":{"additional_capabilities":[],"admin_password":true,"admin_ssh_key":[],"boot_diagnostics":[],"identity":[],"network_interface_ids":[],"os_disk":[{"diff_disk_settings":[]}],"plan":[],"private_ip_addresses":[],"public_ip_addresses":[],"secret":[],"source_image_reference":[{}],"tags":{},"termination_notification":[]}},{"address":"module.server[\"France Central\"].azurerm_network_interface.example_nic[0]","mode":"managed","type":"azurerm_network_interface","name":"example_nic","index":0,"provider_name":"registry.terraform.io/hashicorp/azurerm","schema_version":0,"values":{"edge_zone":null,"enable_accelerated_networking":false,"enable_ip_forwarding":false,"ip_configuration":[{"name":"internal","private_ip_address":"10.1.0.4","private_ip_address_allocation":"Static","private_ip_address_version":"IPv4","public_ip_address_id":null}],"location":"northeurope","name":"terraform-session-NE1","resource_group_name":"example-resources-NE-001","tags":null,"timeouts":null},"sensitive_values":{"applied_dns_servers":[],"dns_servers":[],"ip_configuration":[{}],"private_ip_addresses":[]}},{"address":"module.server[\"France Central\"].azurerm_network_interface.example_nic[1]","mode":"managed","type":"azurerm_network_interface","name":"example_nic","index":1,"provider_name":"registry.terraform.io/hashicorp/azurerm","schema_version":0,"values":{"edge_zone":null,"enable_accelerated_networking":false,"enable_ip_forwarding":false,"ip_configuration":[{"name":"internal","private_ip_address":"10.1.0.5","private_ip_address_allocation":"Static","private_ip_address_version":"IPv4","public_ip_address_id":null}],"location":"northeurope","name":"terraform-session-NE2","resource_group_name":"example-resources-NE-001","tags":null,"timeouts":null},"sensitive_values":{"applied_dns_servers":[],"dns_servers":[],"ip_configuration":[{}],"private_ip_addresses":[]}},{"address":"module.server[\"France Central\"].azurerm_resource_group.terraform_session_2","mode":"managed","type":"azurerm_resource_group","name":"terraform_session_2","provider_name":"registry.terraform.io/hashicorp/azurerm","schema_version":0,"values":{"location":"northeurope","name":"example-resources-NE-001","tags":null,"timeouts":null},"sensitive_values":{}},{"address":"module.server[\"France Central\"].random_password.vm_password[0]","mode":"managed","type":"random_password","name":"vm_password","index":0,"provider_name":"registry.terraform.io/hashicorp/random","schema_version":2,"values":{"keepers":null,"length":20,"lower":true,"min_lower":0,"min_numeric":0,"min_special":0,"min_upper":0,"number":true,"numeric":true,"override_special":null,"special":true,"upper":true},"sensitive_values":{}},{"address":"module.server[\"France Central\"].random_password.vm_password[1]","mode":"managed","type":"random_password","name":"vm_password","index":1,"provider_name":"registry.terraform.io/hashicorp/random","schema_version":2,"values":{"keepers":null,"length":20,"lower":true,"min_lower":0,"min_numeric":0,"min_special":0,"min_upper":0,"number":true,"numeric":true,"override_special":null,"special":true,"upper":true},"sensitive_values":{}}],"address":"module.server[\"France Central\"]","child_modules":[{"resources":[{"address":"module.server[\"France Central\"].module.public_load_balancer.azurerm_lb.load_balancer","mode":"managed","type":"azurerm_lb","name":"load_balancer","provider_name":"registry.terraform.io/hashicorp/azurerm","schema_version":0,"values":{"edge_zone":null,"frontend_ip_configuration":[{"name":"terraform-session-NE-ip","zones":null}],"location":"northeurope","name":"terraform-session-NE-lb","resource_group_name":"example-resources-NE-001","sku":"Standard","sku_tier":"Regional","tags":null,"timeouts":null},"sensitive_values":{"frontend_ip_configuration":[{"inbound_nat_rules":[],"load_balancer_rules":[],"outbound_rules":[]}],"private_ip_addresses":[]}},{"address":"module.server[\"France Central\"].module.public_load_balancer.azurerm_lb_backend_address_pool.backend_address_pool","mode":"managed","type":"azurerm_lb_backend_address_pool","name":"backend_address_pool","provider_name":"registry.terraform.io/hashicorp/azurerm","schema_version":0,"values":{"name":"terraform-session-NE","timeouts":null,"tunnel_interface":[]},"sensitive_values":{"backend_ip_configurations":[],"inbound_nat_rules":[],"load_balancing_rules":[],"outbound_rules":[],"tunnel_interface":[]}},{"address":"module.server[\"France Central\"].module.public_load_balancer.azurerm_lb_backend_address_pool_address.backend_address_pool_address[0]","mode":"managed","type":"azurerm_lb_backend_address_pool_address","name":"backend_address_pool_address","index":0,"provider_name":"registry.terraform.io/hashicorp/azurerm","schema_version":0,"values":{"ip_address":"10.1.0.4","name":"terraform-session-NE1","timeouts":null},"sensitive_values":{"inbound_nat_rule_port_mapping":[]}},{"address":"module.server[\"France Central\"].module.public_load_balancer.azurerm_lb_backend_address_pool_address.backend_address_pool_address[1]","mode":"managed","type":"azurerm_lb_backend_address_pool_address","name":"backend_address_pool_address","index":1,"provider_name":"registry.terraform.io/hashicorp/azurerm","schema_version":0,"values":{"ip_address":"10.1.0.5","name":"terraform-session-NE2","timeouts":null},"sensitive_values":{"inbound_nat_rule_port_mapping":[]}},{"address":"module.server[\"France Central\"].module.public_load_balancer.azurerm_lb_probe.probe","mode":"managed","type":"azurerm_lb_probe","name":"probe","provider_name":"registry.terraform.io/hashicorp/azurerm","schema_version":0,"values":{"interval_in_seconds":15,"name":"HTTPS","number_of_probes":2,"port":443,"request_path":null,"timeouts":null},"sensitive_values":{"load_balancer_rules":[]}},{"address":"module.server[\"France Central\"].module.public_load_balancer.azurerm_lb_rule.lb_rule","mode":"managed","type":"azurerm_lb_rule","name":"lb_rule","provider_name":"registry.terraform.io/hashicorp/azurerm","schema_version":0,"values":{"backend_port":443,"disable_outbound_snat":false,"enable_floating_ip":false,"enable_tcp_reset":null,"frontend_ip_configuration_name":"terraform-session-NE-ip","frontend_port":443,"name":"HTTPS","protocol":"Tcp","timeouts":null},"sensitive_values":{"backend_address_pool_ids":[]}},{"address":"module.server[\"France Central\"].module.public_load_balancer.azurerm_public_ip.public_ip","mode":"managed","type":"azurerm_public_ip","name":"public_ip","provider_name":"registry.terraform.io/hashicorp/azurerm","schema_version":0,"values":{"allocation_method":"Static","domain_name_label":"my-public-ip1-aygeqdy-001","edge_zone":null,"idle_timeout_in_minutes":4,"ip_tags":null,"ip_version":"IPv4","location":"northeurope","name":"terraform-session-NE-ip","public_ip_prefix_id":null,"resource_group_name":"example-resources-NE-001","reverse_fqdn":null,"sku":"Standard","sku_tier":"Regional","tags":null,"timeouts":null,"zones":["1","2","3"]},"sensitive_values":{"zones":[false,false,false]}},{"address":"module.server[\"France Central\"].module.public_load_balancer.azurerm_traffic_manager_azure_endpoint.example_tm_endpoint","mode":"managed","type":"azurerm_traffic_manager_azure_endpoint","name":"example_tm_endpoint","provider_name":"registry.terraform.io/hashicorp/azurerm","schema_version":0,"values":{"custom_header":[],"enabled":true,"geo_mappings":null,"name":"example-tm-endpoints","subnet":[],"timeouts":null,"weight":100},"sensitive_values":{"custom_header":[],"subnet":[]}},{"address":"module.server[\"France Central\"].module.public_load_balancer.azurerm_traffic_manager_profile.example_traffic_manager","mode":"managed","type":"azurerm_traffic_manager_profile","name":"example_traffic_manager","provider_name":"registry.terraform.io/hashicorp/azurerm","schema_version":0,"values":{"dns_config":[{"ttl":100}],"max_return":null,"monitor_config":[{"custom_header":[],"expected_status_code_ranges":null,"interval_in_seconds":30,"path":"/","port":443,"protocol":"HTTPS","timeout_in_seconds":9,"tolerated_number_of_failures":3}],"name":"tmp1","resource_group_name":"example-resources-NE-001","tags":null,"timeouts":null,"traffic_routing_method":"Weighted","traffic_view_enabled":null},"sensitive_values":{"dns_config":[{}],"monitor_config":[{"custom_header":[]}]}},{"address":"module.server[\"France Central\"].module.public_load_balancer.random_id.server","mode":"managed","type":"random_id","name":"server","provider_name":"registry.terraform.io/hashicorp/random","schema_version":0,"values":{"byte_length":8,"keepers":{"azi_id":"1"},"prefix":null},"sensitive_values":{"keepers":{}}}],"address":"module.server[\"France Central\"].module.public_load_balancer"},{"resources":[{"address":"module.server[\"France Central\"].module.key_vault.azurerm_key_vault.example_key_vault","mode":"managed","type":"azurerm_key_vault","name":"example_key_vault","provider_name":"registry.terraform.io/hashicorp/azurerm","schema_version":2,"values":{"access_policy":[{"application_id":null,"certificate_permissions":null,"key_permissions":["Get","Create"],"object_id":"986c2649-c560-4f52-9830-aa67781b1b4d","secret_permissions":["Get","Set","List","Delete","Purge","Restore"],"storage_permissions":null,"tenant_id":"76a2ae5a-9f00-4f6b-95ed-5d33d77c4d61"}],"contact":[],"enable_rbac_authorization":null,"enabled_for_deployment":null,"enabled_for_disk_encryption":true,"enabled_for_template_deployment":null,"location":"northeurope","purge_protection_enabled":false,"resource_group_name":"example-resources-NE-001","sku_name":"standard","soft_delete_retention_days":7,"tags":null,"tenant_id":"76a2ae5a-9f00-4f6b-95ed-5d33d77c4d61","timeouts":null},"sensitive_values":{"access_policy":[{"key_permissions":[false,false],"secret_permissions":[false,false,false,false,false,false]}],"contact":[],"network_acls":[]}},{"address":"module.server[\"France Central\"].module.key_vault.azurerm_key_vault_secret.example[0]","mode":"managed","type":"azurerm_key_vault_secret","name":"example","index":0,"provider_name":"registry.terraform.io/hashicorp/azurerm","schema_version":0,"values":{"content_type":null,"expiration_date":null,"name":"terraform-session-NE-kv","not_before_date":null,"tags":null,"timeouts":null},"sensitive_values":{"value":true}},{"address":"module.server[\"France Central\"].module.key_vault.azurerm_key_vault_secret.example[1]","mode":"managed","type":"azurerm_key_vault_secret","name":"example","index":1,"provider_name":"registry.terraform.io/hashicorp/azurerm","schema_version":0,"values":{"content_type":null,"expiration_date":null,"name":"terraform-session-NE-kv","not_before_date":null,"tags":null,"timeouts":null},"sensitive_values":{"value":true}},{"address":"module.server[\"France Central\"].module.key_vault.random_id.id","mode":"managed","type":"random_id","name":"id","provider_name":"registry.terraform.io/hashicorp/random","schema_version":0,"values":{"byte_length":4,"keepers":null,"prefix":null},"sensitive_values":{}}],"address":"module.server[\"France Central\"].module.key_vault"},{"resources":[{"address":"module.server[\"France Central\"].module.example_vpc.azurerm_network_security_group.network_security_group","mode":"managed","type":"azurerm_network_security_group","name":"network_security_group","provider_name":"registry.terraform.io/hashicorp/azurerm","schema_version":0,"values":{"location":"northeurope","name":"serversubnet","resource_group_name":"example-resources-NE-001","tags":null,"timeouts":null},"sensitive_values":{"security_rule":[]}},{"address":"module.server[\"France Central\"].module.example_vpc.azurerm_route.UDR_internet","mode":"managed","type":"azurerm_route","name":"UDR_internet","provider_name":"registry.terraform.io/hashicorp/azurerm","schema_version":0,"values":{"address_prefix":"0.0.0.0/0","name":"UDR_internet","next_hop_in_ip_address":null,"next_hop_type":"Internet","resource_group_name":"example-resources-NE-001","route_table_name":"serversubnet","timeouts":null},"sensitive_values":{}},{"address":"module.server[\"France Central\"].module.example_vpc.azurerm_route_table.route_table","mode":"managed","type":"azurerm_route_table","name":"route_table","provider_name":"registry.terraform.io/hashicorp/azurerm","schema_version":0,"values":{"disable_bgp_route_propagation":false,"location":"northeurope","name":"serversubnet","resource_group_name":"example-resources-NE-001","tags":null,"timeouts":null},"sensitive_values":{"route":[],"subnets":[]}},{"address":"module.server[\"France Central\"].module.example_vpc.azurerm_subnet.example_subnet","mode":"managed","type":"azurerm_subnet","name":"example_subnet","provider_name":"registry.terraform.io/hashicorp/azurerm","schema_version":0,"values":{"address_prefixes":["10.1.0.0/23"],"delegation":[],"enforce_private_link_endpoint_network_policies":false,"enforce_private_link_service_network_policies":false,"name":"serversubnet","resource_group_name":"example-resources-NE-001","service_endpoint_policy_ids":null,"service_endpoints":null,"timeouts":null,"virtual_network_name":"servernetwork"},"sensitive_values":{"address_prefixes":[false],"delegation":[]}},{"address":"module.server[\"France Central\"].module.example_vpc.azurerm_subnet_network_security_group_association.network_security_group_assocation","mode":"managed","type":"azurerm_subnet_network_security_group_association","name":"network_security_group_assocation","provider_name":"registry.terraform.io/hashicorp/azurerm","schema_version":0,"values":{"timeouts":null},"sensitive_values":{}},{"address":"module.server[\"France Central\"].module.example_vpc.azurerm_subnet_route_table_association.subnet_association","mode":"managed","type":"azurerm_subnet_route_table_association","name":"subnet_association","provider_name":"registry.terraform.io/hashicorp/azurerm","schema_version":0,"values":{"timeouts":null},"sensitive_values":{}},{"address":"module.server[\"France Central\"].module.example_vpc.azurerm_virtual_network.example_vpc","mode":"managed","type":"azurerm_virtual_network","name":"example_vpc","provider_name":"registry.terraform.io/hashicorp/azurerm","schema_version":0,"values":{"address_space":["10.1.0.0/22"],"bgp_community":null,"ddos_protection_plan":[],"edge_zone":null,"flow_timeout_in_minutes":null,"location":"northeurope","name":"servernetwork","resource_group_name":"example-resources-NE-001","tags":null,"timeouts":null},"sensitive_values":{"address_space":[false],"ddos_protection_plan":[],"dns_servers":[],"subnet":[]}}],"address":"module.server[\"France Central\"].module.example_vpc"},{"resources":[{"address":"module.server[\"France Central\"].module.data_disks[1].azurerm_managed_disk.disks[0]","mode":"managed","type":"azurerm_managed_disk","name":"disks","index":0,"provider_name":"registry.terraform.io/hashicorp/azurerm","schema_version":0,"values":{"create_option":"Empty","disk_access_id":null,"disk_encryption_set_id":null,"disk_size_gb":32,"edge_zone":null,"encryption_settings":[],"gallery_image_reference_id":null,"hyper_v_generation":null,"image_reference_id":null,"location":"northeurope","name":"terraform-session-NE2_DataDisk_1","network_access_policy":null,"on_demand_bursting_enabled":null,"os_type":null,"public_network_access_enabled":true,"resource_group_name":"example-resources-NE-001","secure_vm_disk_encryption_set_id":null,"security_type":null,"source_resource_id":null,"storage_account_id":null,"storage_account_type":"Standard_LRS","tags":{"environment":"Production"},"timeouts":null,"trusted_launch_enabled":null,"zone":null},"sensitive_values":{"encryption_settings":[],"tags":{}}},{"address":"module.server[\"France Central\"].module.data_disks[1].azurerm_virtual_machine_data_disk_attachment.disks_attach[0]","mode":"managed","type":"azurerm_virtual_machine_data_disk_attachment","name":"disks_attach","index":0,"provider_name":"registry.terraform.io/hashicorp/azurerm","schema_version":0,"values":{"caching":"ReadWrite","create_option":"Attach","lun":0,"timeouts":null,"write_accelerator_enabled":false},"sensitive_values":{}}],"address":"module.server[\"France Central\"].module.data_disks[1]"},{"resources":[{"address":"module.server[\"France Central\"].module.data_disks[0].azurerm_managed_disk.disks[0]","mode":"managed","type":"azurerm_managed_disk","name":"disks","index":0,"provider_name":"registry.terraform.io/hashicorp/azurerm","schema_version":0,"values":{"create_option":"Empty","disk_access_id":null,"disk_encryption_set_id":null,"disk_size_gb":32,"edge_zone":null,"encryption_settings":[],"gallery_image_reference_id":null,"hyper_v_generation":null,"image_reference_id":null,"location":"northeurope","name":"terraform-session-NE1_DataDisk_1","network_access_policy":null,"on_demand_bursting_enabled":null,"os_type":null,"public_network_access_enabled":true,"resource_group_name":"example-resources-NE-001","secure_vm_disk_encryption_set_id":null,"security_type":null,"source_resource_id":null,"storage_account_id":null,"storage_account_type":"Standard_LRS","tags":{"environment":"Production"},"timeouts":null,"trusted_launch_enabled":null,"zone":null},"sensitive_values":{"encryption_settings":[],"tags":{}}},{"address":"module.server[\"France Central\"].module.data_disks[0].azurerm_virtual_machine_data_disk_attachment.disks_attach[0]","mode":"managed","type":"azurerm_virtual_machine_data_disk_attachment","name":"disks_attach","index":0,"provider_name":"registry.terraform.io/hashicorp/azurerm","schema_version":0,"values":{"caching":"ReadWrite","create_option":"Attach","lun":0,"timeouts":null,"write_accelerator_enabled":false},"sensitive_values":{}}],"address":"module.server[\"France Central\"].module.data_disks[0]"}]},{"resources":[{"address":"module.server[\"UK South\"].azurerm_linux_virtual_machine.main[0]","mode":"managed","type":"azurerm_linux_virtual_machine","name":"main","index":0,"provider_name":"registry.terraform.io/hashicorp/azurerm","schema_version":0,"values":{"additional_capabilities":[],"admin_ssh_key":[],"admin_username":"Graduates","allow_extension_operations":true,"availability_set_id":null,"boot_diagnostics":[],"capacity_reservation_group_id":null,"custom_data":null,"dedicated_host_group_id":null,"dedicated_host_id":null,"disable_password_authentication":false,"edge_zone":null,"encryption_at_host_enabled":null,"eviction_policy":null,"extensions_time_budget":"PT1H30M","identity":[],"license_type":null,"location":"uksouth","max_bid_price":-1,"name":"terraform-session-UKS-vm1","os_disk":[{"caching":"ReadOnly","diff_disk_settings":[],"disk_encryption_set_id":null,"disk_size_gb":32,"name":"MyOSDisk1","secure_vm_disk_encryption_set_id":null,"security_encryption_type":null,"storage_account_type":"Standard_LRS","write_accelerator_enabled":false}],"patch_mode":"ImageDefault","plan":[],"platform_fault_domain":-1,"priority":"Regular","provision_vm_agent":true,"proximity_placement_group_id":null,"resource_group_name":"example-resources-UKS-001","secret":[],"secure_boot_enabled":null,"size":"Standard_F2","source_image_id":null,"source_image_reference":[{"offer":"UbuntuServer","publisher":"Canonical","sku":"16.04-LTS","version":"latest"}],"tags":{"environment":"Production"},"timeouts":null,"user_data":null,"virtual_machine_scale_set_id":null,"vtpm_enabled":null,"zone":"1"},"sensitive_values":{"additional_capabilities":[],"admin_password":true,"admin_ssh_key":[],"boot_diagnostics":[],"identity":[],"network_interface_ids":[],"os_disk":[{"diff_disk_settings":[]}],"plan":[],"private_ip_addresses":[],"public_ip_addresses":[],"secret":[],"source_image_reference":[{}],"tags":{},"termination_notification":[]}},{"address":"module.server[\"UK South\"].azurerm_linux_virtual_machine.main[1]","mode":"managed","type":"azurerm_linux_virtual_machine","name":"main","index":1,"provider_name":"registry.terraform.io/hashicorp/azurerm","schema_version":0,"values":{"additional_capabilities":[],"admin_ssh_key":[],"admin_username":"Graduates","allow_extension_operations":true,"availability_set_id":null,"boot_diagnostics":[],"capacity_reservation_group_id":null,"custom_data":null,"dedicated_host_group_id":null,"dedicated_host_id":null,"disable_password_authentication":false,"edge_zone":null,"encryption_at_host_enabled":null,"eviction_policy":null,"extensions_time_budget":"PT1H30M","identity":[],"license_type":null,"location":"uksouth","max_bid_price":-1,"name":"terraform-session-UKS-vm2","os_disk":[{"caching":"ReadOnly","diff_disk_settings":[],"disk_encryption_set_id":null,"disk_size_gb":32,"name":"MyOSDisk2","secure_vm_disk_encryption_set_id":null,"security_encryption_type":null,"storage_account_type":"Standard_LRS","write_accelerator_enabled":false}],"patch_mode":"ImageDefault","plan":[],"platform_fault_domain":-1,"priority":"Regular","provision_vm_agent":true,"proximity_placement_group_id":null,"resource_group_name":"example-resources-UKS-001","secret":[],"secure_boot_enabled":null,"size":"Standard_F2","source_image_id":null,"source_image_reference":[{"offer":"UbuntuServer","publisher":"Canonical","sku":"16.04-LTS","version":"latest"}],"tags":{"environment":"Production"},"timeouts":null,"user_data":null,"virtual_machine_scale_set_id":null,"vtpm_enabled":null,"zone":"2"},"sensitive_values":{"additional_capabilities":[],"admin_password":true,"admin_ssh_key":[],"boot_diagnostics":[],"identity":[],"network_interface_ids":[],"os_disk":[{"diff_disk_settings":[]}],"plan":[],"private_ip_addresses":[],"public_ip_addresses":[],"secret":[],"source_image_reference":[{}],"tags":{},"termination_notification":[]}},{"address":"module.server[\"UK South\"].azurerm_network_interface.example_nic[0]","mode":"managed","type":"azurerm_network_interface","name":"example_nic","index":0,"provider_name":"registry.terraform.io/hashicorp/azurerm","schema_version":0,"values":{"edge_zone":null,"enable_accelerated_networking":false,"enable_ip_forwarding":false,"ip_configuration":[{"name":"internal","private_ip_address":"10.0.0.4","private_ip_address_allocation":"Static","private_ip_address_version":"IPv4","public_ip_address_id":null}],"location":"uksouth","name":"terraform-session-UKS1","resource_group_name":"example-resources-UKS-001","tags":null,"timeouts":null},"sensitive_values":{"applied_dns_servers":[],"dns_servers":[],"ip_configuration":[{}],"private_ip_addresses":[]}},{"address":"module.server[\"UK South\"].azurerm_network_interface.example_nic[1]","mode":"managed","type":"azurerm_network_interface","name":"example_nic","index":1,"provider_name":"registry.terraform.io/hashicorp/azurerm","schema_version":0,"values":{"edge_zone":null,"enable_accelerated_networking":false,"enable_ip_forwarding":false,"ip_configuration":[{"name":"internal","private_ip_address":"10.0.0.5","private_ip_address_allocation":"Static","private_ip_address_version":"IPv4","public_ip_address_id":null}],"location":"uksouth","name":"terraform-session-UKS2","resource_group_name":"example-resources-UKS-001","tags":null,"timeouts":null},"sensitive_values":{"applied_dns_servers":[],"dns_servers":[],"ip_configuration":[{}],"private_ip_addresses":[]}},{"address":"module.server[\"UK South\"].azurerm_resource_group.terraform_session_2","mode":"managed","type":"azurerm_resource_group","name":"terraform_session_2","provider_name":"registry.terraform.io/hashicorp/azurerm","schema_version":0,"values":{"location":"uksouth","name":"example-resources-UKS-001","tags":null,"timeouts":null},"sensitive_values":{}},{"address":"module.server[\"UK South\"].random_password.vm_password[0]","mode":"managed","type":"random_password","name":"vm_password","index":0,"provider_name":"registry.terraform.io/hashicorp/random","schema_version":2,"values":{"keepers":null,"length":20,"lower":true,"min_lower":0,"min_numeric":0,"min_special":0,"min_upper":0,"number":true,"numeric":true,"override_special":null,"special":true,"upper":true},"sensitive_values":{}},{"address":"module.server[\"UK South\"].random_password.vm_password[1]","mode":"managed","type":"random_password","name":"vm_password","index":1,"provider_name":"registry.terraform.io/hashicorp/random","schema_version":2,"values":{"keepers":null,"length":20,"lower":true,"min_lower":0,"min_numeric":0,"min_special":0,"min_upper":0,"number":true,"numeric":true,"override_special":null,"special":true,"upper":true},"sensitive_values":{}}],"address":"module.server[\"UK South\"]","child_modules":[{"resources":[{"address":"module.server[\"UK South\"].module.key_vault.azurerm_key_vault.example_key_vault","mode":"managed","type":"azurerm_key_vault","name":"example_key_vault","provider_name":"registry.terraform.io/hashicorp/azurerm","schema_version":2,"values":{"access_policy":[{"application_id":null,"certificate_permissions":null,"key_permissions":["Get","Create"],"object_id":"986c2649-c560-4f52-9830-aa67781b1b4d","secret_permissions":["Get","Set","List","Delete","Purge","Restore"],"storage_permissions":null,"tenant_id":"76a2ae5a-9f00-4f6b-95ed-5d33d77c4d61"}],"contact":[],"enable_rbac_authorization":null,"enabled_for_deployment":null,"enabled_for_disk_encryption":true,"enabled_for_template_deployment":null,"location":"uksouth","purge_protection_enabled":false,"resource_group_name":"example-resources-UKS-001","sku_name":"standard","soft_delete_retention_days":7,"tags":null,"tenant_id":"76a2ae5a-9f00-4f6b-95ed-5d33d77c4d61","timeouts":null},"sensitive_values":{"access_policy":[{"key_permissions":[false,false],"secret_permissions":[false,false,false,false,false,false]}],"contact":[],"network_acls":[]}},{"address":"module.server[\"UK South\"].module.key_vault.azurerm_key_vault_secret.example[0]","mode":"managed","type":"azurerm_key_vault_secret","name":"example","index":0,"provider_name":"registry.terraform.io/hashicorp/azurerm","schema_version":0,"values":{"content_type":null,"expiration_date":null,"name":"terraform-session-UKS-kv","not_before_date":null,"tags":null,"timeouts":null},"sensitive_values":{"value":true}},{"address":"module.server[\"UK South\"].module.key_vault.azurerm_key_vault_secret.example[1]","mode":"managed","type":"azurerm_key_vault_secret","name":"example","index":1,"provider_name":"registry.terraform.io/hashicorp/azurerm","schema_version":0,"values":{"content_type":null,"expiration_date":null,"name":"terraform-session-UKS-kv","not_before_date":null,"tags":null,"timeouts":null},"sensitive_values":{"value":true}},{"address":"module.server[\"UK South\"].module.key_vault.random_id.id","mode":"managed","type":"random_id","name":"id","provider_name":"registry.terraform.io/hashicorp/random","schema_version":0,"values":{"byte_length":4,"keepers":null,"prefix":null},"sensitive_values":{}}],"address":"module.server[\"UK South\"].module.key_vault"},{"resources":[{"address":"module.server[\"UK South\"].module.public_load_balancer.azurerm_lb.load_balancer","mode":"managed","type":"azurerm_lb","name":"load_balancer","provider_name":"registry.terraform.io/hashicorp/azurerm","schema_version":0,"values":{"edge_zone":null,"frontend_ip_configuration":[{"name":"terraform-session-UKS-ip","zones":null}],"location":"uksouth","name":"terraform-session-UKS-lb","resource_group_name":"example-resources-UKS-001","sku":"Standard","sku_tier":"Regional","tags":null,"timeouts":null},"sensitive_values":{"frontend_ip_configuration":[{"inbound_nat_rules":[],"load_balancer_rules":[],"outbound_rules":[]}],"private_ip_addresses":[]}},{"address":"module.server[\"UK South\"].module.public_load_balancer.azurerm_lb_backend_address_pool.backend_address_pool","mode":"managed","type":"azurerm_lb_backend_address_pool","name":"backend_address_pool","provider_name":"registry.terraform.io/hashicorp/azurerm","schema_version":0,"values":{"name":"terraform-session-UKS","timeouts":null,"tunnel_interface":[]},"sensitive_values":{"backend_ip_configurations":[],"inbound_nat_rules":[],"load_balancing_rules":[],"outbound_rules":[],"tunnel_interface":[]}},{"address":"module.server[\"UK South\"].module.public_load_balancer.azurerm_lb_backend_address_pool_address.backend_address_pool_address[0]","mode":"managed","type":"azurerm_lb_backend_address_pool_address","name":"backend_address_pool_address","index":0,"provider_name":"registry.terraform.io/hashicorp/azurerm","schema_version":0,"values":{"ip_address":"10.0.0.4","name":"terraform-session-UKS1","timeouts":null},"sensitive_values":{"inbound_nat_rule_port_mapping":[]}},{"address":"module.server[\"UK South\"].module.public_load_balancer.azurerm_lb_backend_address_pool_address.backend_address_pool_address[1]","mode":"managed","type":"azurerm_lb_backend_address_pool_address","name":"backend_address_pool_address","index":1,"provider_name":"registry.terraform.io/hashicorp/azurerm","schema_version":0,"values":{"ip_address":"10.0.0.5","name":"terraform-session-UKS2","timeouts":null},"sensitive_values":{"inbound_nat_rule_port_mapping":[]}},{"address":"module.server[\"UK South\"].module.public_load_balancer.azurerm_lb_probe.probe","mode":"managed","type":"azurerm_lb_probe","name":"probe","provider_name":"registry.terraform.io/hashicorp/azurerm","schema_version":0,"values":{"interval_in_seconds":15,"name":"HTTPS","number_of_probes":2,"port":443,"request_path":null,"timeouts":null},"sensitive_values":{"load_balancer_rules":[]}},{"address":"module.server[\"UK South\"].module.public_load_balancer.azurerm_lb_rule.lb_rule","mode":"managed","type":"azurerm_lb_rule","name":"lb_rule","provider_name":"registry.terraform.io/hashicorp/azurerm","schema_version":0,"values":{"backend_port":443,"disable_outbound_snat":false,"enable_floating_ip":false,"enable_tcp_reset":null,"frontend_ip_configuration_name":"terraform-session-UKS-ip","frontend_port":443,"name":"HTTPS","protocol":"Tcp","timeouts":null},"sensitive_values":{"backend_address_pool_ids":[]}},{"address":"module.server[\"UK South\"].module.public_load_balancer.azurerm_public_ip.public_ip","mode":"managed","type":"azurerm_public_ip","name":"public_ip","provider_name":"registry.terraform.io/hashicorp/azurerm","schema_version":0,"values":{"allocation_method":"Static","domain_name_label":"my-public-ip1-aygeqdy-001","edge_zone":null,"idle_timeout_in_minutes":4,"ip_tags":null,"ip_version":"IPv4","location":"uksouth","name":"terraform-session-UKS-ip","public_ip_prefix_id":null,"resource_group_name":"example-resources-UKS-001","reverse_fqdn":null,"sku":"Standard","sku_tier":"Regional","tags":null,"timeouts":null,"zones":["1","2","3"]},"sensitive_values":{"zones":[false,false,false]}},{"address":"module.server[\"UK South\"].module.public_load_balancer.azurerm_traffic_manager_azure_endpoint.example_tm_endpoint","mode":"managed","type":"azurerm_traffic_manager_azure_endpoint","name":"example_tm_endpoint","provider_name":"registry.terraform.io/hashicorp/azurerm","schema_version":0,"values":{"custom_header":[],"enabled":true,"geo_mappings":null,"name":"example-tm-endpoints","subnet":[],"timeouts":null,"weight":100},"sensitive_values":{"custom_header":[],"subnet":[]}},{"address":"module.server[\"UK South\"].module.public_load_balancer.azurerm_traffic_manager_profile.example_traffic_manager","mode":"managed","type":"azurerm_traffic_manager_profile","name":"example_traffic_manager","provider_name":"registry.terraform.io/hashicorp/azurerm","schema_version":0,"values":{"dns_config":[{"ttl":100}],"max_return":null,"monitor_config":[{"custom_header":[],"expected_status_code_ranges":null,"interval_in_seconds":30,"path":"/","port":443,"protocol":"HTTPS","timeout_in_seconds":9,"tolerated_number_of_failures":3}],"name":"tmp1","resource_group_name":"example-resources-UKS-001","tags":null,"timeouts":null,"traffic_routing_method":"Weighted","traffic_view_enabled":null},"sensitive_values":{"dns_config":[{}],"monitor_config":[{"custom_header":[]}]}},{"address":"module.server[\"UK South\"].module.public_load_balancer.random_id.server","mode":"managed","type":"random_id","name":"server","provider_name":"registry.terraform.io/hashicorp/random","schema_version":0,"values":{"byte_length":8,"keepers":{"azi_id":"1"},"prefix":null},"sensitive_values":{"keepers":{}}}],"address":"module.server[\"UK South\"].module.public_load_balancer"},{"resources":[{"address":"module.server[\"UK South\"].module.example_vpc.azurerm_network_security_group.network_security_group","mode":"managed","type":"azurerm_network_security_group","name":"network_security_group","provider_name":"registry.terraform.io/hashicorp/azurerm","schema_version":0,"values":{"location":"uksouth","name":"serversubnet","resource_group_name":"example-resources-UKS-001","tags":null,"timeouts":null},"sensitive_values":{"security_rule":[]}},{"address":"module.server[\"UK South\"].module.example_vpc.azurerm_route.UDR_internet","mode":"managed","type":"azurerm_route","name":"UDR_internet","provider_name":"registry.terraform.io/hashicorp/azurerm","schema_version":0,"values":{"address_prefix":"0.0.0.0/0","name":"UDR_internet","next_hop_in_ip_address":null,"next_hop_type":"Internet","resource_group_name":"example-resources-UKS-001","route_table_name":"serversubnet","timeouts":null},"sensitive_values":{}},{"address":"module.server[\"UK South\"].module.example_vpc.azurerm_route_table.route_table","mode":"managed","type":"azurerm_route_table","name":"route_table","provider_name":"registry.terraform.io/hashicorp/azurerm","schema_version":0,"values":{"disable_bgp_route_propagation":false,"location":"uksouth","name":"serversubnet","resource_group_name":"example-resources-UKS-001","tags":null,"timeouts":null},"sensitive_values":{"route":[],"subnets":[]}},{"address":"module.server[\"UK South\"].module.example_vpc.azurerm_subnet.example_subnet","mode":"managed","type":"azurerm_subnet","name":"example_subnet","provider_name":"registry.terraform.io/hashicorp/azurerm","schema_version":0,"values":{"address_prefixes":["10.0.0.0/23"],"delegation":[],"enforce_private_link_endpoint_network_policies":false,"enforce_private_link_service_network_policies":false,"name":"serversubnet","resource_group_name":"example-resources-UKS-001","service_endpoint_policy_ids":null,"service_endpoints":null,"timeouts":null,"virtual_network_name":"servernetwork"},"sensitive_values":{"address_prefixes":[false],"delegation":[]}},{"address":"module.server[\"UK South\"].module.example_vpc.azurerm_subnet_network_security_group_association.network_security_group_assocation","mode":"managed","type":"azurerm_subnet_network_security_group_association","name":"network_security_group_assocation","provider_name":"registry.terraform.io/hashicorp/azurerm","schema_version":0,"values":{"timeouts":null},"sensitive_values":{}},{"address":"module.server[\"UK South\"].module.example_vpc.azurerm_subnet_route_table_association.subnet_association","mode":"managed","type":"azurerm_subnet_route_table_association","name":"subnet_association","provider_name":"registry.terraform.io/hashicorp/azurerm","schema_version":0,"values":{"timeouts":null},"sensitive_values":{}},{"address":"module.server[\"UK South\"].module.example_vpc.azurerm_virtual_network.example_vpc","mode":"managed","type":"azurerm_virtual_network","name":"example_vpc","provider_name":"registry.terraform.io/hashicorp/azurerm","schema_version":0,"values":{"address_space":["10.0.0.0/22"],"bgp_community":null,"ddos_protection_plan":[],"edge_zone":null,"flow_timeout_in_minutes":null,"location":"uksouth","name":"servernetwork","resource_group_name":"example-resources-UKS-001","tags":null,"timeouts":null},"sensitive_values":{"address_space":[false],"ddos_protection_plan":[],"dns_servers":[],"subnet":[]}}],"address":"module.server[\"UK South\"].module.example_vpc"},{"resources":[{"address":"module.server[\"UK South\"].module.data_disks[0].azurerm_managed_disk.disks[0]","mode":"managed","type":"azurerm_managed_disk","name":"disks","index":0,"provider_name":"registry.terraform.io/hashicorp/azurerm","schema_version":0,"values":{"create_option":"Empty","disk_access_id":null,"disk_encryption_set_id":null,"disk_size_gb":32,"edge_zone":null,"encryption_settings":[],"gallery_image_reference_id":null,"hyper_v_generation":null,"image_reference_id":null,"location":"uksouth","name":"terraform-session-UKS1_DataDisk_1","network_access_policy":null,"on_demand_bursting_enabled":null,"os_type":null,"public_network_access_enabled":true,"resource_group_name":"example-resources-UKS-001","secure_vm_disk_encryption_set_id":null,"security_type":null,"source_resource_id":null,"storage_account_id":null,"storage_account_type":"Standard_LRS","tags":{"environment":"Production"},"timeouts":null,"trusted_launch_enabled":null,"zone":"1"},"sensitive_values":{"encryption_settings":[],"tags":{}}},{"address":"module.server[\"UK South\"].module.data_disks[0].azurerm_virtual_machine_data_disk_attachment.disks_attach[0]","mode":"managed","type":"azurerm_virtual_machine_data_disk_attachment","name":"disks_attach","index":0,"provider_name":"registry.terraform.io/hashicorp/azurerm","schema_version":0,"values":{"caching":"ReadWrite","create_option":"Attach","lun":0,"timeouts":null,"write_accelerator_enabled":false},"sensitive_values":{}}],"address":"module.server[\"UK South\"].module.data_disks[0]"},{"resources":[{"address":"module.server[\"UK South\"].module.data_disks[1].azurerm_managed_disk.disks[0]","mode":"managed","type":"azurerm_managed_disk","name":"disks","index":0,"provider_name":"registry.terraform.io/hashicorp/azurerm","schema_version":0,"values":{"create_option":"Empty","disk_access_id":null,"disk_encryption_set_id":null,"disk_size_gb":32,"edge_zone":null,"encryption_settings":[],"gallery_image_reference_id":null,"hyper_v_generation":null,"image_reference_id":null,"location":"uksouth","name":"terraform-session-UKS2_DataDisk_1","network_access_policy":null,"on_demand_bursting_enabled":null,"os_type":null,"public_network_access_enabled":true,"resource_group_name":"example-resources-UKS-001","secure_vm_disk_encryption_set_id":null,"security_type":null,"source_resource_id":null,"storage_account_id":null,"storage_account_type":"Standard_LRS","tags":{"environment":"Production"},"timeouts":null,"trusted_launch_enabled":null,"zone":"2"},"sensitive_values":{"encryption_settings":[],"tags":{}}},{"address":"module.server[\"UK South\"].module.data_disks[1].azurerm_virtual_machine_data_disk_attachment.disks_attach[0]","mode":"managed","type":"azurerm_virtual_machine_data_disk_attachment","name":"disks_attach","index":0,"provider_name":"registry.terraform.io/hashicorp/azurerm","schema_version":0,"values":{"caching":"ReadWrite","create_option":"Attach","lun":0,"timeouts":null,"write_accelerator_enabled":false},"sensitive_values":{}}],"address":"module.server[\"UK South\"].module.data_disks[1]"}]}]}},"resource_changes":[{"address":"module.server[\"France Central\"].azurerm_availability_set.example_aset[0]","module_address":"module.server[\"France Central\"]","mode":"managed","type":"azurerm_availability_set","name":"example_aset","index":0,"provider_name":"registry.terraform.io/hashicorp/azurerm","change":{"actions":["create"],"before":null,"after":{"location":"northeurope","managed":true,"name":"terraform-session-NE","platform_fault_domain_count":2,"platform_update_domain_count":2,"proximity_placement_group_id":null,"resource_group_name":"example-resources-NE-001","tags":null,"timeouts":null},"after_unknown":{"id":true},"before_sensitive":false,"after_sensitive":{}}},{"address":"module.server[\"France Central\"].azurerm_linux_virtual_machine.main[0]","module_address":"module.server[\"France Central\"]","mode":"managed","type":"azurerm_linux_virtual_machine","name":"main","index":0,"provider_name":"registry.terraform.io/hashicorp/azurerm","change":{"actions":["create"],"before":null,"after":{"additional_capabilities":[],"admin_ssh_key":[],"admin_username":"Graduates","allow_extension_operations":true,"boot_diagnostics":[],"capacity_reservation_group_id":null,"custom_data":null,"dedicated_host_group_id":null,"dedicated_host_id":null,"disable_password_authentication":false,"edge_zone":null,"encryption_at_host_enabled":null,"eviction_policy":null,"extensions_time_budget":"PT1H30M","identity":[],"license_type":null,"location":"northeurope","max_bid_price":-1,"name":"terraform-session-NE-vm1","os_disk":[{"caching":"ReadOnly","diff_disk_settings":[],"disk_encryption_set_id":null,"disk_size_gb":32,"name":"MyOSDisk1","secure_vm_disk_encryption_set_id":null,"security_encryption_type":null,"storage_account_type":"Standard_LRS","write_accelerator_enabled":false}],"patch_mode":"ImageDefault","plan":[],"platform_fault_domain":-1,"priority":"Regular","provision_vm_agent":true,"proximity_placement_group_id":null,"resource_group_name":"example-resources-NE-001","secret":[],"secure_boot_enabled":null,"size":"Standard_F2","source_image_id":null,"source_image_reference":[{"offer":"UbuntuServer","publisher":"Canonical","sku":"16.04-LTS","version":"latest"}],"tags":{"environment":"Production"},"timeouts":null,"user_data":null,"virtual_machine_scale_set_id":null,"vtpm_enabled":null,"zone":null},"after_unknown":{"additional_capabilities":[],"admin_password":true,"admin_ssh_key":[],"availability_set_id":true,"boot_diagnostics":[],"computer_name":true,"id":true,"identity":[],"network_interface_ids":true,"os_disk":[{"diff_disk_settings":[]}],"plan":[],"private_ip_address":true,"private_ip_addresses":true,"public_ip_address":true,"public_ip_addresses":true,"secret":[],"source_image_reference":[{}],"tags":{},"termination_notification":true,"virtual_machine_id":true},"before_sensitive":false,"after_sensitive":{"additional_capabilities":[],"admin_password":true,"admin_ssh_key":[],"boot_diagnostics":[],"custom_data":true,"identity":[],"network_interface_ids":[],"os_disk":[{"diff_disk_settings":[]}],"plan":[],"private_ip_addresses":[],"public_ip_addresses":[],"secret":[],"source_image_reference":[{}],"tags":{},"termination_notification":[]}}},{"address":"module.server[\"France Central\"].azurerm_linux_virtual_machine.main[1]","module_address":"module.server[\"France Central\"]","mode":"managed","type":"azurerm_linux_virtual_machine","name":"main","index":1,"provider_name":"registry.terraform.io/hashicorp/azurerm","change":{"actions":["create"],"before":null,"after":{"additional_capabilities":[],"admin_ssh_key":[],"admin_username":"Graduates","allow_extension_operations":true,"boot_diagnostics":[],"capacity_reservation_group_id":null,"custom_data":null,"dedicated_host_group_id":null,"dedicated_host_id":null,"disable_password_authentication":false,"edge_zone":null,"encryption_at_host_enabled":null,"eviction_policy":null,"extensions_time_budget":"PT1H30M","identity":[],"license_type":null,"location":"northeurope","max_bid_price":-1,"name":"terraform-session-NE-vm2","os_disk":[{"caching":"ReadOnly","diff_disk_settings":[],"disk_encryption_set_id":null,"disk_size_gb":32,"name":"MyOSDisk2","secure_vm_disk_encryption_set_id":null,"security_encryption_type":null,"storage_account_type":"Standard_LRS","write_accelerator_enabled":false}],"patch_mode":"ImageDefault","plan":[],"platform_fault_domain":-1,"priority":"Regular","provision_vm_agent":true,"proximity_placement_group_id":null,"resource_group_name":"example-resources-NE-001","secret":[],"secure_boot_enabled":null,"size":"Standard_F2","source_image_id":null,"source_image_reference":[{"offer":"UbuntuServer","publisher":"Canonical","sku":"16.04-LTS","version":"latest"}],"tags":{"environment":"Production"},"timeouts":null,"user_data":null,"virtual_machine_scale_set_id":null,"vtpm_enabled":null,"zone":null},"after_unknown":{"additional_capabilities":[],"admin_password":true,"admin_ssh_key":[],"availability_set_id":true,"boot_diagnostics":[],"computer_name":true,"id":true,"identity":[],"network_interface_ids":true,"os_disk":[{"diff_disk_settings":[]}],"plan":[],"private_ip_address":true,"private_ip_addresses":true,"public_ip_address":true,"public_ip_addresses":true,"secret":[],"source_image_reference":[{}],"tags":{},"termination_notification":true,"virtual_machine_id":true},"before_sensitive":false,"after_sensitive":{"additional_capabilities":[],"admin_password":true,"admin_ssh_key":[],"boot_diagnostics":[],"custom_data":true,"identity":[],"network_interface_ids":[],"os_disk":[{"diff_disk_settings":[]}],"plan":[],"private_ip_addresses":[],"public_ip_addresses":[],"secret":[],"source_image_reference":[{}],"tags":{},"termination_notification":[]}}},{"address":"module.server[\"France Central\"].azurerm_network_interface.example_nic[0]","module_address":"module.server[\"France Central\"]","mode":"managed","type":"azurerm_network_interface","name":"example_nic","index":0,"provider_name":"registry.terraform.io/hashicorp/azurerm","change":{"actions":["create"],"before":null,"after":{"edge_zone":null,"enable_accelerated_networking":false,"enable_ip_forwarding":false,"ip_configuration":[{"name":"internal","private_ip_address":"10.1.0.4","private_ip_address_allocation":"Static","private_ip_address_version":"IPv4","public_ip_address_id":null}],"location":"northeurope","name":"terraform-session-NE1","resource_group_name":"example-resources-NE-001","tags":null,"timeouts":null},"after_unknown":{"applied_dns_servers":true,"dns_servers":true,"id":true,"internal_dns_name_label":true,"internal_domain_name_suffix":true,"ip_configuration":[{"gateway_load_balancer_frontend_ip_configuration_id":true,"primary":true,"subnet_id":true}],"mac_address":true,"private_ip_address":true,"private_ip_addresses":true,"virtual_machine_id":true},"before_sensitive":false,"after_sensitive":{"applied_dns_servers":[],"dns_servers":[],"ip_configuration":[{}],"private_ip_addresses":[]}}},{"address":"module.server[\"France Central\"].azurerm_network_interface.example_nic[1]","module_address":"module.server[\"France Central\"]","mode":"managed","type":"azurerm_network_interface","name":"example_nic","index":1,"provider_name":"registry.terraform.io/hashicorp/azurerm","change":{"actions":["create"],"before":null,"after":{"edge_zone":null,"enable_accelerated_networking":false,"enable_ip_forwarding":false,"ip_configuration":[{"name":"internal","private_ip_address":"10.1.0.5","private_ip_address_allocation":"Static","private_ip_address_version":"IPv4","public_ip_address_id":null}],"location":"northeurope","name":"terraform-session-NE2","resource_group_name":"example-resources-NE-001","tags":null,"timeouts":null},"after_unknown":{"applied_dns_servers":true,"dns_servers":true,"id":true,"internal_dns_name_label":true,"internal_domain_name_suffix":true,"ip_configuration":[{"gateway_load_balancer_frontend_ip_configuration_id":true,"primary":true,"subnet_id":true}],"mac_address":true,"private_ip_address":true,"private_ip_addresses":true,"virtual_machine_id":true},"before_sensitive":false,"after_sensitive":{"applied_dns_servers":[],"dns_servers":[],"ip_configuration":[{}],"private_ip_addresses":[]}}},{"address":"module.server[\"France Central\"].azurerm_resource_group.terraform_session_2","module_address":"module.server[\"France Central\"]","mode":"managed","type":"azurerm_resource_group","name":"terraform_session_2","provider_name":"registry.terraform.io/hashicorp/azurerm","change":{"actions":["create"],"before":null,"after":{"location":"northeurope","name":"example-resources-NE-001","tags":null,"timeouts":null},"after_unknown":{"id":true},"before_sensitive":false,"after_sensitive":{}}},{"address":"module.server[\"France Central\"].module.data_disks[0].azurerm_managed_disk.disks[0]","module_address":"module.server[\"France Central\"].module.data_disks[0]","mode":"managed","type":"azurerm_managed_disk","name":"disks","index":0,"provider_name":"registry.terraform.io/hashicorp/azurerm","change":{"actions":["create"],"before":null,"after":{"create_option":"Empty","disk_access_id":null,"disk_encryption_set_id":null,"disk_size_gb":32,"edge_zone":null,"encryption_settings":[],"gallery_image_reference_id":null,"hyper_v_generation":null,"image_reference_id":null,"location":"northeurope","name":"terraform-session-NE1_DataDisk_1","network_access_policy":null,"on_demand_bursting_enabled":null,"os_type":null,"public_network_access_enabled":true,"resource_group_name":"example-resources-NE-001","secure_vm_disk_encryption_set_id":null,"security_type":null,"source_resource_id":null,"storage_account_id":null,"storage_account_type":"Standard_LRS","tags":{"environment":"Production"},"timeouts":null,"trusted_launch_enabled":null,"zone":null},"after_unknown":{"disk_iops_read_only":true,"disk_iops_read_write":true,"disk_mbps_read_only":true,"disk_mbps_read_write":true,"encryption_settings":[],"id":true,"logical_sector_size":true,"max_shares":true,"source_uri":true,"tags":{},"tier":true},"before_sensitive":false,"after_sensitive":{"encryption_settings":[],"tags":{}}}},{"address":"module.server[\"France Central\"].module.data_disks[0].azurerm_virtual_machine_data_disk_attachment.disks_attach[0]","module_address":"module.server[\"France Central\"].module.data_disks[0]","mode":"managed","type":"azurerm_virtual_machine_data_disk_attachment","name":"disks_attach","index":0,"provider_name":"registry.terraform.io/hashicorp/azurerm","change":{"actions":["create"],"before":null,"after":{"caching":"ReadWrite","create_option":"Attach","lun":0,"timeouts":null,"write_accelerator_enabled":false},"after_unknown":{"id":true,"managed_disk_id":true,"virtual_machine_id":true},"before_sensitive":false,"after_sensitive":{}}},{"address":"module.server[\"France Central\"].module.data_disks[1].azurerm_managed_disk.disks[0]","module_address":"module.server[\"France Central\"].module.data_disks[1]","mode":"managed","type":"azurerm_managed_disk","name":"disks","index":0,"provider_name":"registry.terraform.io/hashicorp/azurerm","change":{"actions":["create"],"before":null,"after":{"create_option":"Empty","disk_access_id":null,"disk_encryption_set_id":null,"disk_size_gb":32,"edge_zone":null,"encryption_settings":[],"gallery_image_reference_id":null,"hyper_v_generation":null,"image_reference_id":null,"location":"northeurope","name":"terraform-session-NE2_DataDisk_1","network_access_policy":null,"on_demand_bursting_enabled":null,"os_type":null,"public_network_access_enabled":true,"resource_group_name":"example-resources-NE-001","secure_vm_disk_encryption_set_id":null,"security_type":null,"source_resource_id":null,"storage_account_id":null,"storage_account_type":"Standard_LRS","tags":{"environment":"Production"},"timeouts":null,"trusted_launch_enabled":null,"zone":null},"after_unknown":{"disk_iops_read_only":true,"disk_iops_read_write":true,"disk_mbps_read_only":true,"disk_mbps_read_write":true,"encryption_settings":[],"id":true,"logical_sector_size":true,"max_shares":true,"source_uri":true,"tags":{},"tier":true},"before_sensitive":false,"after_sensitive":{"encryption_settings":[],"tags":{}}}},{"address":"module.server[\"France Central\"].module.data_disks[1].azurerm_virtual_machine_data_disk_attachment.disks_attach[0]","module_address":"module.server[\"France Central\"].module.data_disks[1]","mode":"managed","type":"azurerm_virtual_machine_data_disk_attachment","name":"disks_attach","index":0,"provider_name":"registry.terraform.io/hashicorp/azurerm","change":{"actions":["create"],"before":null,"after":{"caching":"ReadWrite","create_option":"Attach","lun":0,"timeouts":null,"write_accelerator_enabled":false},"after_unknown":{"id":true,"managed_disk_id":true,"virtual_machine_id":true},"before_sensitive":false,"after_sensitive":{}}},{"address":"module.server[\"France Central\"].module.example_vpc.azurerm_network_security_group.network_security_group","module_address":"module.server[\"France Central\"].module.example_vpc","mode":"managed","type":"azurerm_network_security_group","name":"network_security_group","provider_name":"registry.terraform.io/hashicorp/azurerm","change":{"actions":["create"],"before":null,"after":{"location":"northeurope","name":"serversubnet","resource_group_name":"example-resources-NE-001","tags":null,"timeouts":null},"after_unknown":{"id":true,"security_rule":true},"before_sensitive":false,"after_sensitive":{"security_rule":[]}}},{"address":"module.server[\"France Central\"].module.example_vpc.azurerm_route.UDR_internet","module_address":"module.server[\"France Central\"].module.example_vpc","mode":"managed","type":"azurerm_route","name":"UDR_internet","provider_name":"registry.terraform.io/hashicorp/azurerm","change":{"actions":["create"],"before":null,"after":{"address_prefix":"0.0.0.0/0","name":"UDR_internet","next_hop_in_ip_address":null,"next_hop_type":"Internet","resource_group_name":"example-resources-NE-001","route_table_name":"serversubnet","timeouts":null},"after_unknown":{"id":true},"before_sensitive":false,"after_sensitive":{}}},{"address":"module.server[\"France Central\"].module.example_vpc.azurerm_route_table.route_table","module_address":"module.server[\"France Central\"].module.example_vpc","mode":"managed","type":"azurerm_route_table","name":"route_table","provider_name":"registry.terraform.io/hashicorp/azurerm","change":{"actions":["create"],"before":null,"after":{"disable_bgp_route_propagation":false,"location":"northeurope","name":"serversubnet","resource_group_name":"example-resources-NE-001","tags":null,"timeouts":null},"after_unknown":{"id":true,"route":true,"subnets":true},"before_sensitive":false,"after_sensitive":{"route":[],"subnets":[]}}},{"address":"module.server[\"France Central\"].module.example_vpc.azurerm_subnet.example_subnet","module_address":"module.server[\"France Central\"].module.example_vpc","mode":"managed","type":"azurerm_subnet","name":"example_subnet","provider_name":"registry.terraform.io/hashicorp/azurerm","change":{"actions":["create"],"before":null,"after":{"address_prefixes":["10.1.0.0/23"],"delegation":[],"enforce_private_link_endpoint_network_policies":false,"enforce_private_link_service_network_policies":false,"name":"serversubnet","resource_group_name":"example-resources-NE-001","service_endpoint_policy_ids":null,"service_endpoints":null,"timeouts":null,"virtual_network_name":"servernetwork"},"after_unknown":{"address_prefixes":[false],"delegation":[],"id":true},"before_sensitive":false,"after_sensitive":{"address_prefixes":[false],"delegation":[]}}},{"address":"module.server[\"France Central\"].module.example_vpc.azurerm_subnet_network_security_group_association.network_security_group_assocation","module_address":"module.server[\"France Central\"].module.example_vpc","mode":"managed","type":"azurerm_subnet_network_security_group_association","name":"network_security_group_assocation","provider_name":"registry.terraform.io/hashicorp/azurerm","change":{"actions":["create"],"before":null,"after":{"timeouts":null},"after_unknown":{"id":true,"network_security_group_id":true,"subnet_id":true},"before_sensitive":false,"after_sensitive":{}}},{"address":"module.server[\"France Central\"].module.example_vpc.azurerm_subnet_route_table_association.subnet_association","module_address":"module.server[\"France Central\"].module.example_vpc","mode":"managed","type":"azurerm_subnet_route_table_association","name":"subnet_association","provider_name":"registry.terraform.io/hashicorp/azurerm","change":{"actions":["create"],"before":null,"after":{"timeouts":null},"after_unknown":{"id":true,"route_table_id":true,"subnet_id":true},"before_sensitive":false,"after_sensitive":{}}},{"address":"module.server[\"France Central\"].module.example_vpc.azurerm_virtual_network.example_vpc","module_address":"module.server[\"France Central\"].module.example_vpc","mode":"managed","type":"azurerm_virtual_network","name":"example_vpc","provider_name":"registry.terraform.io/hashicorp/azurerm","change":{"actions":["create"],"before":null,"after":{"address_space":["10.1.0.0/22"],"bgp_community":null,"ddos_protection_plan":[],"edge_zone":null,"flow_timeout_in_minutes":null,"location":"northeurope","name":"servernetwork","resource_group_name":"example-resources-NE-001","tags":null,"timeouts":null},"after_unknown":{"address_space":[false],"ddos_protection_plan":[],"dns_servers":true,"guid":true,"id":true,"subnet":true},"before_sensitive":false,"after_sensitive":{"address_space":[false],"ddos_protection_plan":[],"dns_servers":[],"subnet":[]}}},{"address":"module.server[\"France Central\"].module.key_vault.azurerm_key_vault.example_key_vault","module_address":"module.server[\"France Central\"].module.key_vault","mode":"managed","type":"azurerm_key_vault","name":"example_key_vault","provider_name":"registry.terraform.io/hashicorp/azurerm","change":{"actions":["create"],"before":null,"after":{"access_policy":[{"application_id":null,"certificate_permissions":null,"key_permissions":["Get","Create"],"object_id":"986c2649-c560-4f52-9830-aa67781b1b4d","secret_permissions":["Get","Set","List","Delete","Purge","Restore"],"storage_permissions":null,"tenant_id":"76a2ae5a-9f00-4f6b-95ed-5d33d77c4d61"}],"contact":[],"enable_rbac_authorization":null,"enabled_for_deployment":null,"enabled_for_disk_encryption":true,"enabled_for_template_deployment":null,"location":"northeurope","purge_protection_enabled":false,"resource_group_name":"example-resources-NE-001","sku_name":"standard","soft_delete_retention_days":7,"tags":null,"tenant_id":"76a2ae5a-9f00-4f6b-95ed-5d33d77c4d61","timeouts":null},"after_unknown":{"access_policy":[{"key_permissions":[false,false],"secret_permissions":[false,false,false,false,false,false]}],"contact":[],"id":true,"name":true,"network_acls":true,"vault_uri":true},"before_sensitive":false,"after_sensitive":{"access_policy":[{"key_permissions":[false,false],"secret_permissions":[false,false,false,false,false,false]}],"contact":[],"network_acls":[]}}},{"address":"module.server[\"France Central\"].module.key_vault.azurerm_key_vault_secret.example[0]","module_address":"module.server[\"France Central\"].module.key_vault","mode":"managed","type":"azurerm_key_vault_secret","name":"example","index":0,"provider_name":"registry.terraform.io/hashicorp/azurerm","change":{"actions":["create"],"before":null,"after":{"content_type":null,"expiration_date":null,"name":"terraform-session-NE-kv","not_before_date":null,"tags":null,"timeouts":null},"after_unknown":{"id":true,"key_vault_id":true,"resource_id":true,"resource_versionless_id":true,"value":true,"version":true,"versionless_id":true},"before_sensitive":false,"after_sensitive":{"value":true}}},{"address":"module.server[\"France Central\"].module.key_vault.azurerm_key_vault_secret.example[1]","module_address":"module.server[\"France Central\"].module.key_vault","mode":"managed","type":"azurerm_key_vault_secret","name":"example","index":1,"provider_name":"registry.terraform.io/hashicorp/azurerm","change":{"actions":["create"],"before":null,"after":{"content_type":null,"expiration_date":null,"name":"terraform-session-NE-kv","not_before_date":null,"tags":null,"timeouts":null},"after_unknown":{"id":true,"key_vault_id":true,"resource_id":true,"resource_versionless_id":true,"value":true,"version":true,"versionless_id":true},"before_sensitive":false,"after_sensitive":{"value":true}}},{"address":"module.server[\"France Central\"].module.key_vault.random_id.id","module_address":"module.server[\"France Central\"].module.key_vault","mode":"managed","type":"random_id","name":"id","provider_name":"registry.terraform.io/hashicorp/random","change":{"actions":["create"],"before":null,"after":{"byte_length":4,"keepers":null,"prefix":null},"after_unknown":{"b64_std":true,"b64_url":true,"dec":true,"hex":true,"id":true},"before_sensitive":false,"after_sensitive":{}}},{"address":"module.server[\"France Central\"].module.public_load_balancer.azurerm_lb.load_balancer","module_address":"module.server[\"France Central\"].module.public_load_balancer","mode":"managed","type":"azurerm_lb","name":"load_balancer","provider_name":"registry.terraform.io/hashicorp/azurerm","change":{"actions":["create"],"before":null,"after":{"edge_zone":null,"frontend_ip_configuration":[{"name":"terraform-session-NE-ip","zones":null}],"location":"northeurope","name":"terraform-session-NE-lb","resource_group_name":"example-resources-NE-001","sku":"Standard","sku_tier":"Regional","tags":null,"timeouts":null},"after_unknown":{"frontend_ip_configuration":[{"gateway_load_balancer_frontend_ip_configuration_id":true,"id":true,"inbound_nat_rules":true,"load_balancer_rules":true,"outbound_rules":true,"private_ip_address":true,"private_ip_address_allocation":true,"private_ip_address_version":true,"public_ip_address_id":true,"public_ip_prefix_id":true,"subnet_id":true}],"id":true,"private_ip_address":true,"private_ip_addresses":true},"before_sensitive":false,"after_sensitive":{"frontend_ip_configuration":[{"inbound_nat_rules":[],"load_balancer_rules":[],"outbound_rules":[]}],"private_ip_addresses":[]}}},{"address":"module.server[\"France Central\"].module.public_load_balancer.azurerm_lb_backend_address_pool.backend_address_pool","module_address":"module.server[\"France Central\"].module.public_load_balancer","mode":"managed","type":"azurerm_lb_backend_address_pool","name":"backend_address_pool","provider_name":"registry.terraform.io/hashicorp/azurerm","change":{"actions":["create"],"before":null,"after":{"name":"terraform-session-NE","timeouts":null,"tunnel_interface":[]},"after_unknown":{"backend_ip_configurations":true,"id":true,"inbound_nat_rules":true,"load_balancing_rules":true,"loadbalancer_id":true,"outbound_rules":true,"tunnel_interface":[]},"before_sensitive":false,"after_sensitive":{"backend_ip_configurations":[],"inbound_nat_rules":[],"load_balancing_rules":[],"outbound_rules":[],"tunnel_interface":[]}}},{"address":"module.server[\"France Central\"].module.public_load_balancer.azurerm_lb_backend_address_pool_address.backend_address_pool_address[0]","module_address":"module.server[\"France Central\"].module.public_load_balancer","mode":"managed","type":"azurerm_lb_backend_address_pool_address","name":"backend_address_pool_address","index":0,"provider_name":"registry.terraform.io/hashicorp/azurerm","change":{"actions":["create"],"before":null,"after":{"ip_address":"10.1.0.4","name":"terraform-session-NE1","timeouts":null},"after_unknown":{"backend_address_pool_id":true,"id":true,"inbound_nat_rule_port_mapping":true,"virtual_network_id":true},"before_sensitive":false,"after_sensitive":{"inbound_nat_rule_port_mapping":[]}}},{"address":"module.server[\"France Central\"].module.public_load_balancer.azurerm_lb_backend_address_pool_address.backend_address_pool_address[1]","module_address":"module.server[\"France Central\"].module.public_load_balancer","mode":"managed","type":"azurerm_lb_backend_address_pool_address","name":"backend_address_pool_address","index":1,"provider_name":"registry.terraform.io/hashicorp/azurerm","change":{"actions":["create"],"before":null,"after":{"ip_address":"10.1.0.5","name":"terraform-session-NE2","timeouts":null},"after_unknown":{"backend_address_pool_id":true,"id":true,"inbound_nat_rule_port_mapping":true,"virtual_network_id":true},"before_sensitive":false,"after_sensitive":{"inbound_nat_rule_port_mapping":[]}}},{"address":"module.server[\"France Central\"].module.public_load_balancer.azurerm_lb_probe.probe","module_address":"module.server[\"France Central\"].module.public_load_balancer","mode":"managed","type":"azurerm_lb_probe","name":"probe","provider_name":"registry.terraform.io/hashicorp/azurerm","change":{"actions":["create"],"before":null,"after":{"interval_in_seconds":15,"name":"HTTPS","number_of_probes":2,"port":443,"request_path":null,"timeouts":null},"after_unknown":{"id":true,"load_balancer_rules":true,"loadbalancer_id":true,"protocol":true},"before_sensitive":false,"after_sensitive":{"load_balancer_rules":[]}}},{"address":"module.server[\"France Central\"].module.public_load_balancer.azurerm_lb_rule.lb_rule","module_address":"module.server[\"France Central\"].module.public_load_balancer","mode":"managed","type":"azurerm_lb_rule","name":"lb_rule","provider_name":"registry.terraform.io/hashicorp/azurerm","change":{"actions":["create"],"before":null,"after":{"backend_port":443,"disable_outbound_snat":false,"enable_floating_ip":false,"enable_tcp_reset":null,"frontend_ip_configuration_name":"terraform-session-NE-ip","frontend_port":443,"name":"HTTPS","protocol":"Tcp","timeouts":null},"after_unknown":{"backend_address_pool_ids":true,"frontend_ip_configuration_id":true,"id":true,"idle_timeout_in_minutes":true,"load_distribution":true,"loadbalancer_id":true,"probe_id":true},"before_sensitive":false,"after_sensitive":{"backend_address_pool_ids":[]}}},{"address":"module.server[\"France Central\"].module.public_load_balancer.azurerm_public_ip.public_ip","module_address":"module.server[\"France Central\"].module.public_load_balancer","mode":"managed","type":"azurerm_public_ip","name":"public_ip","provider_name":"registry.terraform.io/hashicorp/azurerm","change":{"actions":["create"],"before":null,"after":{"allocation_method":"Static","domain_name_label":"my-public-ip1-aygeqdy-001","edge_zone":null,"idle_timeout_in_minutes":4,"ip_tags":null,"ip_version":"IPv4","location":"northeurope","name":"terraform-session-NE-ip","public_ip_prefix_id":null,"resource_group_name":"example-resources-NE-001","reverse_fqdn":null,"sku":"Standard","sku_tier":"Regional","tags":null,"timeouts":null,"zones":["1","2","3"]},"after_unknown":{"fqdn":true,"id":true,"ip_address":true,"zones":[false,false,false]},"before_sensitive":false,"after_sensitive":{"zones":[false,false,false]}}},{"address":"module.server[\"France Central\"].module.public_load_balancer.azurerm_traffic_manager_azure_endpoint.example_tm_endpoint","module_address":"module.server[\"France Central\"].module.public_load_balancer","mode":"managed","type":"azurerm_traffic_manager_azure_endpoint","name":"example_tm_endpoint","provider_name":"registry.terraform.io/hashicorp/azurerm","change":{"actions":["create"],"before":null,"after":{"custom_header":[],"enabled":true,"geo_mappings":null,"name":"example-tm-endpoints","subnet":[],"timeouts":null,"weight":100},"after_unknown":{"custom_header":[],"id":true,"priority":true,"profile_id":true,"subnet":[],"target_resource_id":true},"before_sensitive":false,"after_sensitive":{"custom_header":[],"subnet":[]}}},{"address":"module.server[\"France Central\"].module.public_load_balancer.azurerm_traffic_manager_profile.example_traffic_manager","module_address":"module.server[\"France Central\"].module.public_load_balancer","mode":"managed","type":"azurerm_traffic_manager_profile","name":"example_traffic_manager","provider_name":"registry.terraform.io/hashicorp/azurerm","change":{"actions":["create"],"before":null,"after":{"dns_config":[{"ttl":100}],"max_return":null,"monitor_config":[{"custom_header":[],"expected_status_code_ranges":null,"interval_in_seconds":30,"path":"/","port":443,"protocol":"HTTPS","timeout_in_seconds":9,"tolerated_number_of_failures":3}],"name":"tmp1","resource_group_name":"example-resources-NE-001","tags":null,"timeouts":null,"traffic_routing_method":"Weighted","traffic_view_enabled":null},"after_unknown":{"dns_config":[{"relative_name":true}],"fqdn":true,"id":true,"monitor_config":[{"custom_header":[]}],"profile_status":true},"before_sensitive":false,"after_sensitive":{"dns_config":[{}],"monitor_config":[{"custom_header":[]}]}}},{"address":"module.server[\"France Central\"].module.public_load_balancer.random_id.server","module_address":"module.server[\"France Central\"].module.public_load_balancer","mode":"managed","type":"random_id","name":"server","provider_name":"registry.terraform.io/hashicorp/random","change":{"actions":["create"],"before":null,"after":{"byte_length":8,"keepers":{"azi_id":"1"},"prefix":null},"after_unknown":{"b64_std":true,"b64_url":true,"dec":true,"hex":true,"id":true,"keepers":{}},"before_sensitive":false,"after_sensitive":{"keepers":{}}}},{"address":"module.server[\"France Central\"].random_password.vm_password[0]","module_address":"module.server[\"France Central\"]","mode":"managed","type":"random_password","name":"vm_password","index":0,"provider_name":"registry.terraform.io/hashicorp/random","change":{"actions":["create"],"before":null,"after":{"keepers":null,"length":20,"lower":true,"min_lower":0,"min_numeric":0,"min_special":0,"min_upper":0,"number":true,"numeric":true,"override_special":null,"special":true,"upper":true},"after_unknown":{"bcrypt_hash":true,"id":true,"result":true},"before_sensitive":false,"after_sensitive":{"bcrypt_hash":true,"result":true}}},{"address":"module.server[\"France Central\"].random_password.vm_password[1]","module_address":"module.server[\"France Central\"]","mode":"managed","type":"random_password","name":"vm_password","index":1,"provider_name":"registry.terraform.io/hashicorp/random","change":{"actions":["create"],"before":null,"after":{"keepers":null,"length":20,"lower":true,"min_lower":0,"min_numeric":0,"min_special":0,"min_upper":0,"number":true,"numeric":true,"override_special":null,"special":true,"upper":true},"after_unknown":{"bcrypt_hash":true,"id":true,"result":true},"before_sensitive":false,"after_sensitive":{"bcrypt_hash":true,"result":true}}},{"address":"module.server[\"UK South\"].azurerm_linux_virtual_machine.main[0]","module_address":"module.server[\"UK South\"]","mode":"managed","type":"azurerm_linux_virtual_machine","name":"main","index":0,"provider_name":"registry.terraform.io/hashicorp/azurerm","change":{"actions":["create"],"before":null,"after":{"additional_capabilities":[],"admin_ssh_key":[],"admin_username":"Graduates","allow_extension_operations":true,"availability_set_id":null,"boot_diagnostics":[],"capacity_reservation_group_id":null,"custom_data":null,"dedicated_host_group_id":null,"dedicated_host_id":null,"disable_password_authentication":false,"edge_zone":null,"encryption_at_host_enabled":null,"eviction_policy":null,"extensions_time_budget":"PT1H30M","identity":[],"license_type":null,"location":"uksouth","max_bid_price":-1,"name":"terraform-session-UKS-vm1","os_disk":[{"caching":"ReadOnly","diff_disk_settings":[],"disk_encryption_set_id":null,"disk_size_gb":32,"name":"MyOSDisk1","secure_vm_disk_encryption_set_id":null,"security_encryption_type":null,"storage_account_type":"Standard_LRS","write_accelerator_enabled":false}],"patch_mode":"ImageDefault","plan":[],"platform_fault_domain":-1,"priority":"Regular","provision_vm_agent":true,"proximity_placement_group_id":null,"resource_group_name":"example-resources-UKS-001","secret":[],"secure_boot_enabled":null,"size":"Standard_F2","source_image_id":null,"source_image_reference":[{"offer":"UbuntuServer","publisher":"Canonical","sku":"16.04-LTS","version":"latest"}],"tags":{"environment":"Production"},"timeouts":null,"user_data":null,"virtual_machine_scale_set_id":null,"vtpm_enabled":null,"zone":"1"},"after_unknown":{"additional_capabilities":[],"admin_password":true,"admin_ssh_key":[],"boot_diagnostics":[],"computer_name":true,"id":true,"identity":[],"network_interface_ids":true,"os_disk":[{"diff_disk_settings":[]}],"plan":[],"private_ip_address":true,"private_ip_addresses":true,"public_ip_address":true,"public_ip_addresses":true,"secret":[],"source_image_reference":[{}],"tags":{},"termination_notification":true,"virtual_machine_id":true},"before_sensitive":false,"after_sensitive":{"additional_capabilities":[],"admin_password":true,"admin_ssh_key":[],"boot_diagnostics":[],"custom_data":true,"identity":[],"network_interface_ids":[],"os_disk":[{"diff_disk_settings":[]}],"plan":[],"private_ip_addresses":[],"public_ip_addresses":[],"secret":[],"source_image_reference":[{}],"tags":{},"termination_notification":[]}}},{"address":"module.server[\"UK South\"].azurerm_linux_virtual_machine.main[1]","module_address":"module.server[\"UK South\"]","mode":"managed","type":"azurerm_linux_virtual_machine","name":"main","index":1,"provider_name":"registry.terraform.io/hashicorp/azurerm","change":{"actions":["create"],"before":null,"after":{"additional_capabilities":[],"admin_ssh_key":[],"admin_username":"Graduates","allow_extension_operations":true,"availability_set_id":null,"boot_diagnostics":[],"capacity_reservation_group_id":null,"custom_data":null,"dedicated_host_group_id":null,"dedicated_host_id":null,"disable_password_authentication":false,"edge_zone":null,"encryption_at_host_enabled":null,"eviction_policy":null,"extensions_time_budget":"PT1H30M","identity":[],"license_type":null,"location":"uksouth","max_bid_price":-1,"name":"terraform-session-UKS-vm2","os_disk":[{"caching":"ReadOnly","diff_disk_settings":[],"disk_encryption_set_id":null,"disk_size_gb":32,"name":"MyOSDisk2","secure_vm_disk_encryption_set_id":null,"security_encryption_type":null,"storage_account_type":"Standard_LRS","write_accelerator_enabled":false}],"patch_mode":"ImageDefault","plan":[],"platform_fault_domain":-1,"priority":"Regular","provision_vm_agent":true,"proximity_placement_group_id":null,"resource_group_name":"example-resources-UKS-001","secret":[],"secure_boot_enabled":null,"size":"Standard_F2","source_image_id":null,"source_image_reference":[{"offer":"UbuntuServer","publisher":"Canonical","sku":"16.04-LTS","version":"latest"}],"tags":{"environment":"Production"},"timeouts":null,"user_data":null,"virtual_machine_scale_set_id":null,"vtpm_enabled":null,"zone":"2"},"after_unknown":{"additional_capabilities":[],"admin_password":true,"admin_ssh_key":[],"boot_diagnostics":[],"computer_name":true,"id":true,"identity":[],"network_interface_ids":true,"os_disk":[{"diff_disk_settings":[]}],"plan":[],"private_ip_address":true,"private_ip_addresses":true,"public_ip_address":true,"public_ip_addresses":true,"secret":[],"source_image_reference":[{}],"tags":{},"termination_notification":true,"virtual_machine_id":true},"before_sensitive":false,"after_sensitive":{"additional_capabilities":[],"admin_password":true,"admin_ssh_key":[],"boot_diagnostics":[],"custom_data":true,"identity":[],"network_interface_ids":[],"os_disk":[{"diff_disk_settings":[]}],"plan":[],"private_ip_addresses":[],"public_ip_addresses":[],"secret":[],"source_image_reference":[{}],"tags":{},"termination_notification":[]}}},{"address":"module.server[\"UK South\"].azurerm_network_interface.example_nic[0]","module_address":"module.server[\"UK South\"]","mode":"managed","type":"azurerm_network_interface","name":"example_nic","index":0,"provider_name":"registry.terraform.io/hashicorp/azurerm","change":{"actions":["create"],"before":null,"after":{"edge_zone":null,"enable_accelerated_networking":false,"enable_ip_forwarding":false,"ip_configuration":[{"name":"internal","private_ip_address":"10.0.0.4","private_ip_address_allocation":"Static","private_ip_address_version":"IPv4","public_ip_address_id":null}],"location":"uksouth","name":"terraform-session-UKS1","resource_group_name":"example-resources-UKS-001","tags":null,"timeouts":null},"after_unknown":{"applied_dns_servers":true,"dns_servers":true,"id":true,"internal_dns_name_label":true,"internal_domain_name_suffix":true,"ip_configuration":[{"gateway_load_balancer_frontend_ip_configuration_id":true,"primary":true,"subnet_id":true}],"mac_address":true,"private_ip_address":true,"private_ip_addresses":true,"virtual_machine_id":true},"before_sensitive":false,"after_sensitive":{"applied_dns_servers":[],"dns_servers":[],"ip_configuration":[{}],"private_ip_addresses":[]}}},{"address":"module.server[\"UK South\"].azurerm_network_interface.example_nic[1]","module_address":"module.server[\"UK South\"]","mode":"managed","type":"azurerm_network_interface","name":"example_nic","index":1,"provider_name":"registry.terraform.io/hashicorp/azurerm","change":{"actions":["create"],"before":null,"after":{"edge_zone":null,"enable_accelerated_networking":false,"enable_ip_forwarding":false,"ip_configuration":[{"name":"internal","private_ip_address":"10.0.0.5","private_ip_address_allocation":"Static","private_ip_address_version":"IPv4","public_ip_address_id":null}],"location":"uksouth","name":"terraform-session-UKS2","resource_group_name":"example-resources-UKS-001","tags":null,"timeouts":null},"after_unknown":{"applied_dns_servers":true,"dns_servers":true,"id":true,"internal_dns_name_label":true,"internal_domain_name_suffix":true,"ip_configuration":[{"gateway_load_balancer_frontend_ip_configuration_id":true,"primary":true,"subnet_id":true}],"mac_address":true,"private_ip_address":true,"private_ip_addresses":true,"virtual_machine_id":true},"before_sensitive":false,"after_sensitive":{"applied_dns_servers":[],"dns_servers":[],"ip_configuration":[{}],"private_ip_addresses":[]}}},{"address":"module.server[\"UK South\"].azurerm_resource_group.terraform_session_2","module_address":"module.server[\"UK South\"]","mode":"managed","type":"azurerm_resource_group","name":"terraform_session_2","provider_name":"registry.terraform.io/hashicorp/azurerm","change":{"actions":["create"],"before":null,"after":{"location":"uksouth","name":"example-resources-UKS-001","tags":null,"timeouts":null},"after_unknown":{"id":true},"before_sensitive":false,"after_sensitive":{}}},{"address":"module.server[\"UK South\"].module.data_disks[0].azurerm_managed_disk.disks[0]","module_address":"module.server[\"UK South\"].module.data_disks[0]","mode":"managed","type":"azurerm_managed_disk","name":"disks","index":0,"provider_name":"registry.terraform.io/hashicorp/azurerm","change":{"actions":["create"],"before":null,"after":{"create_option":"Empty","disk_access_id":null,"disk_encryption_set_id":null,"disk_size_gb":32,"edge_zone":null,"encryption_settings":[],"gallery_image_reference_id":null,"hyper_v_generation":null,"image_reference_id":null,"location":"uksouth","name":"terraform-session-UKS1_DataDisk_1","network_access_policy":null,"on_demand_bursting_enabled":null,"os_type":null,"public_network_access_enabled":true,"resource_group_name":"example-resources-UKS-001","secure_vm_disk_encryption_set_id":null,"security_type":null,"source_resource_id":null,"storage_account_id":null,"storage_account_type":"Standard_LRS","tags":{"environment":"Production"},"timeouts":null,"trusted_launch_enabled":null,"zone":"1"},"after_unknown":{"disk_iops_read_only":true,"disk_iops_read_write":true,"disk_mbps_read_only":true,"disk_mbps_read_write":true,"encryption_settings":[],"id":true,"logical_sector_size":true,"max_shares":true,"source_uri":true,"tags":{},"tier":true},"before_sensitive":false,"after_sensitive":{"encryption_settings":[],"tags":{}}}},{"address":"module.server[\"UK South\"].module.data_disks[0].azurerm_virtual_machine_data_disk_attachment.disks_attach[0]","module_address":"module.server[\"UK South\"].module.data_disks[0]","mode":"managed","type":"azurerm_virtual_machine_data_disk_attachment","name":"disks_attach","index":0,"provider_name":"registry.terraform.io/hashicorp/azurerm","change":{"actions":["create"],"before":null,"after":{"caching":"ReadWrite","create_option":"Attach","lun":0,"timeouts":null,"write_accelerator_enabled":false},"after_unknown":{"id":true,"managed_disk_id":true,"virtual_machine_id":true},"before_sensitive":false,"after_sensitive":{}}},{"address":"module.server[\"UK South\"].module.data_disks[1].azurerm_managed_disk.disks[0]","module_address":"module.server[\"UK South\"].module.data_disks[1]","mode":"managed","type":"azurerm_managed_disk","name":"disks","index":0,"provider_name":"registry.terraform.io/hashicorp/azurerm","change":{"actions":["create"],"before":null,"after":{"create_option":"Empty","disk_access_id":null,"disk_encryption_set_id":null,"disk_size_gb":32,"edge_zone":null,"encryption_settings":[],"gallery_image_reference_id":null,"hyper_v_generation":null,"image_reference_id":null,"location":"uksouth","name":"terraform-session-UKS2_DataDisk_1","network_access_policy":null,"on_demand_bursting_enabled":null,"os_type":null,"public_network_access_enabled":true,"resource_group_name":"example-resources-UKS-001","secure_vm_disk_encryption_set_id":null,"security_type":null,"source_resource_id":null,"storage_account_id":null,"storage_account_type":"Standard_LRS","tags":{"environment":"Production"},"timeouts":null,"trusted_launch_enabled":null,"zone":"2"},"after_unknown":{"disk_iops_read_only":true,"disk_iops_read_write":true,"disk_mbps_read_only":true,"disk_mbps_read_write":true,"encryption_settings":[],"id":true,"logical_sector_size":true,"max_shares":true,"source_uri":true,"tags":{},"tier":true},"before_sensitive":false,"after_sensitive":{"encryption_settings":[],"tags":{}}}},{"address":"module.server[\"UK South\"].module.data_disks[1].azurerm_virtual_machine_data_disk_attachment.disks_attach[0]","module_address":"module.server[\"UK South\"].module.data_disks[1]","mode":"managed","type":"azurerm_virtual_machine_data_disk_attachment","name":"disks_attach","index":0,"provider_name":"registry.terraform.io/hashicorp/azurerm","change":{"actions":["create"],"before":null,"after":{"caching":"ReadWrite","create_option":"Attach","lun":0,"timeouts":null,"write_accelerator_enabled":false},"after_unknown":{"id":true,"managed_disk_id":true,"virtual_machine_id":true},"before_sensitive":false,"after_sensitive":{}}},{"address":"module.server[\"UK South\"].module.example_vpc.azurerm_network_security_group.network_security_group","module_address":"module.server[\"UK South\"].module.example_vpc","mode":"managed","type":"azurerm_network_security_group","name":"network_security_group","provider_name":"registry.terraform.io/hashicorp/azurerm","change":{"actions":["create"],"before":null,"after":{"location":"uksouth","name":"serversubnet","resource_group_name":"example-resources-UKS-001","tags":null,"timeouts":null},"after_unknown":{"id":true,"security_rule":true},"before_sensitive":false,"after_sensitive":{"security_rule":[]}}},{"address":"module.server[\"UK South\"].module.example_vpc.azurerm_route.UDR_internet","module_address":"module.server[\"UK South\"].module.example_vpc","mode":"managed","type":"azurerm_route","name":"UDR_internet","provider_name":"registry.terraform.io/hashicorp/azurerm","change":{"actions":["create"],"before":null,"after":{"address_prefix":"0.0.0.0/0","name":"UDR_internet","next_hop_in_ip_address":null,"next_hop_type":"Internet","resource_group_name":"example-resources-UKS-001","route_table_name":"serversubnet","timeouts":null},"after_unknown":{"id":true},"before_sensitive":false,"after_sensitive":{}}},{"address":"module.server[\"UK South\"].module.example_vpc.azurerm_route_table.route_table","module_address":"module.server[\"UK South\"].module.example_vpc","mode":"managed","type":"azurerm_route_table","name":"route_table","provider_name":"registry.terraform.io/hashicorp/azurerm","change":{"actions":["create"],"before":null,"after":{"disable_bgp_route_propagation":false,"location":"uksouth","name":"serversubnet","resource_group_name":"example-resources-UKS-001","tags":null,"timeouts":null},"after_unknown":{"id":true,"route":true,"subnets":true},"before_sensitive":false,"after_sensitive":{"route":[],"subnets":[]}}},{"address":"module.server[\"UK South\"].module.example_vpc.azurerm_subnet.example_subnet","module_address":"module.server[\"UK South\"].module.example_vpc","mode":"managed","type":"azurerm_subnet","name":"example_subnet","provider_name":"registry.terraform.io/hashicorp/azurerm","change":{"actions":["create"],"before":null,"after":{"address_prefixes":["10.0.0.0/23"],"delegation":[],"enforce_private_link_endpoint_network_policies":false,"enforce_private_link_service_network_policies":false,"name":"serversubnet","resource_group_name":"example-resources-UKS-001","service_endpoint_policy_ids":null,"service_endpoints":null,"timeouts":null,"virtual_network_name":"servernetwork"},"after_unknown":{"address_prefixes":[false],"delegation":[],"id":true},"before_sensitive":false,"after_sensitive":{"address_prefixes":[false],"delegation":[]}}},{"address":"module.server[\"UK South\"].module.example_vpc.azurerm_subnet_network_security_group_association.network_security_group_assocation","module_address":"module.server[\"UK South\"].module.example_vpc","mode":"managed","type":"azurerm_subnet_network_security_group_association","name":"network_security_group_assocation","provider_name":"registry.terraform.io/hashicorp/azurerm","change":{"actions":["create"],"before":null,"after":{"timeouts":null},"after_unknown":{"id":true,"network_security_group_id":true,"subnet_id":true},"before_sensitive":false,"after_sensitive":{}}},{"address":"module.server[\"UK South\"].module.example_vpc.azurerm_subnet_route_table_association.subnet_association","module_address":"module.server[\"UK South\"].module.example_vpc","mode":"managed","type":"azurerm_subnet_route_table_association","name":"subnet_association","provider_name":"registry.terraform.io/hashicorp/azurerm","change":{"actions":["create"],"before":null,"after":{"timeouts":null},"after_unknown":{"id":true,"route_table_id":true,"subnet_id":true},"before_sensitive":false,"after_sensitive":{}}},{"address":"module.server[\"UK South\"].module.example_vpc.azurerm_virtual_network.example_vpc","module_address":"module.server[\"UK South\"].module.example_vpc","mode":"managed","type":"azurerm_virtual_network","name":"example_vpc","provider_name":"registry.terraform.io/hashicorp/azurerm","change":{"actions":["create"],"before":null,"after":{"address_space":["10.0.0.0/22"],"bgp_community":null,"ddos_protection_plan":[],"edge_zone":null,"flow_timeout_in_minutes":null,"location":"uksouth","name":"servernetwork","resource_group_name":"example-resources-UKS-001","tags":null,"timeouts":null},"after_unknown":{"address_space":[false],"ddos_protection_plan":[],"dns_servers":true,"guid":true,"id":true,"subnet":true},"before_sensitive":false,"after_sensitive":{"address_space":[false],"ddos_protection_plan":[],"dns_servers":[],"subnet":[]}}},{"address":"module.server[\"UK South\"].module.key_vault.azurerm_key_vault.example_key_vault","module_address":"module.server[\"UK South\"].module.key_vault","mode":"managed","type":"azurerm_key_vault","name":"example_key_vault","provider_name":"registry.terraform.io/hashicorp/azurerm","change":{"actions":["create"],"before":null,"after":{"access_policy":[{"application_id":null,"certificate_permissions":null,"key_permissions":["Get","Create"],"object_id":"986c2649-c560-4f52-9830-aa67781b1b4d","secret_permissions":["Get","Set","List","Delete","Purge","Restore"],"storage_permissions":null,"tenant_id":"76a2ae5a-9f00-4f6b-95ed-5d33d77c4d61"}],"contact":[],"enable_rbac_authorization":null,"enabled_for_deployment":null,"enabled_for_disk_encryption":true,"enabled_for_template_deployment":null,"location":"uksouth","purge_protection_enabled":false,"resource_group_name":"example-resources-UKS-001","sku_name":"standard","soft_delete_retention_days":7,"tags":null,"tenant_id":"76a2ae5a-9f00-4f6b-95ed-5d33d77c4d61","timeouts":null},"after_unknown":{"access_policy":[{"key_permissions":[false,false],"secret_permissions":[false,false,false,false,false,false]}],"contact":[],"id":true,"name":true,"network_acls":true,"vault_uri":true},"before_sensitive":false,"after_sensitive":{"access_policy":[{"key_permissions":[false,false],"secret_permissions":[false,false,false,false,false,false]}],"contact":[],"network_acls":[]}}},{"address":"module.server[\"UK South\"].module.key_vault.azurerm_key_vault_secret.example[0]","module_address":"module.server[\"UK South\"].module.key_vault","mode":"managed","type":"azurerm_key_vault_secret","name":"example","index":0,"provider_name":"registry.terraform.io/hashicorp/azurerm","change":{"actions":["create"],"before":null,"after":{"content_type":null,"expiration_date":null,"name":"terraform-session-UKS-kv","not_before_date":null,"tags":null,"timeouts":null},"after_unknown":{"id":true,"key_vault_id":true,"resource_id":true,"resource_versionless_id":true,"value":true,"version":true,"versionless_id":true},"before_sensitive":false,"after_sensitive":{"value":true}}},{"address":"module.server[\"UK South\"].module.key_vault.azurerm_key_vault_secret.example[1]","module_address":"module.server[\"UK South\"].module.key_vault","mode":"managed","type":"azurerm_key_vault_secret","name":"example","index":1,"provider_name":"registry.terraform.io/hashicorp/azurerm","change":{"actions":["create"],"before":null,"after":{"content_type":null,"expiration_date":null,"name":"terraform-session-UKS-kv","not_before_date":null,"tags":null,"timeouts":null},"after_unknown":{"id":true,"key_vault_id":true,"resource_id":true,"resource_versionless_id":true,"value":true,"version":true,"versionless_id":true},"before_sensitive":false,"after_sensitive":{"value":true}}},{"address":"module.server[\"UK South\"].module.key_vault.random_id.id","module_address":"module.server[\"UK South\"].module.key_vault","mode":"managed","type":"random_id","name":"id","provider_name":"registry.terraform.io/hashicorp/random","change":{"actions":["create"],"before":null,"after":{"byte_length":4,"keepers":null,"prefix":null},"after_unknown":{"b64_std":true,"b64_url":true,"dec":true,"hex":true,"id":true},"before_sensitive":false,"after_sensitive":{}}},{"address":"module.server[\"UK South\"].module.public_load_balancer.azurerm_lb.load_balancer","module_address":"module.server[\"UK South\"].module.public_load_balancer","mode":"managed","type":"azurerm_lb","name":"load_balancer","provider_name":"registry.terraform.io/hashicorp/azurerm","change":{"actions":["create"],"before":null,"after":{"edge_zone":null,"frontend_ip_configuration":[{"name":"terraform-session-UKS-ip","zones":null}],"location":"uksouth","name":"terraform-session-UKS-lb","resource_group_name":"example-resources-UKS-001","sku":"Standard","sku_tier":"Regional","tags":null,"timeouts":null},"after_unknown":{"frontend_ip_configuration":[{"gateway_load_balancer_frontend_ip_configuration_id":true,"id":true,"inbound_nat_rules":true,"load_balancer_rules":true,"outbound_rules":true,"private_ip_address":true,"private_ip_address_allocation":true,"private_ip_address_version":true,"public_ip_address_id":true,"public_ip_prefix_id":true,"subnet_id":true}],"id":true,"private_ip_address":true,"private_ip_addresses":true},"before_sensitive":false,"after_sensitive":{"frontend_ip_configuration":[{"inbound_nat_rules":[],"load_balancer_rules":[],"outbound_rules":[]}],"private_ip_addresses":[]}}},{"address":"module.server[\"UK South\"].module.public_load_balancer.azurerm_lb_backend_address_pool.backend_address_pool","module_address":"module.server[\"UK South\"].module.public_load_balancer","mode":"managed","type":"azurerm_lb_backend_address_pool","name":"backend_address_pool","provider_name":"registry.terraform.io/hashicorp/azurerm","change":{"actions":["create"],"before":null,"after":{"name":"terraform-session-UKS","timeouts":null,"tunnel_interface":[]},"after_unknown":{"backend_ip_configurations":true,"id":true,"inbound_nat_rules":true,"load_balancing_rules":true,"loadbalancer_id":true,"outbound_rules":true,"tunnel_interface":[]},"before_sensitive":false,"after_sensitive":{"backend_ip_configurations":[],"inbound_nat_rules":[],"load_balancing_rules":[],"outbound_rules":[],"tunnel_interface":[]}}},{"address":"module.server[\"UK South\"].module.public_load_balancer.azurerm_lb_backend_address_pool_address.backend_address_pool_address[0]","module_address":"module.server[\"UK South\"].module.public_load_balancer","mode":"managed","type":"azurerm_lb_backend_address_pool_address","name":"backend_address_pool_address","index":0,"provider_name":"registry.terraform.io/hashicorp/azurerm","change":{"actions":["create"],"before":null,"after":{"ip_address":"10.0.0.4","name":"terraform-session-UKS1","timeouts":null},"after_unknown":{"backend_address_pool_id":true,"id":true,"inbound_nat_rule_port_mapping":true,"virtual_network_id":true},"before_sensitive":false,"after_sensitive":{"inbound_nat_rule_port_mapping":[]}}},{"address":"module.server[\"UK South\"].module.public_load_balancer.azurerm_lb_backend_address_pool_address.backend_address_pool_address[1]","module_address":"module.server[\"UK South\"].module.public_load_balancer","mode":"managed","type":"azurerm_lb_backend_address_pool_address","name":"backend_address_pool_address","index":1,"provider_name":"registry.terraform.io/hashicorp/azurerm","change":{"actions":["create"],"before":null,"after":{"ip_address":"10.0.0.5","name":"terraform-session-UKS2","timeouts":null},"after_unknown":{"backend_address_pool_id":true,"id":true,"inbound_nat_rule_port_mapping":true,"virtual_network_id":true},"before_sensitive":false,"after_sensitive":{"inbound_nat_rule_port_mapping":[]}}},{"address":"module.server[\"UK South\"].module.public_load_balancer.azurerm_lb_probe.probe","module_address":"module.server[\"UK South\"].module.public_load_balancer","mode":"managed","type":"azurerm_lb_probe","name":"probe","provider_name":"registry.terraform.io/hashicorp/azurerm","change":{"actions":["create"],"before":null,"after":{"interval_in_seconds":15,"name":"HTTPS","number_of_probes":2,"port":443,"request_path":null,"timeouts":null},"after_unknown":{"id":true,"load_balancer_rules":true,"loadbalancer_id":true,"protocol":true},"before_sensitive":false,"after_sensitive":{"load_balancer_rules":[]}}},{"address":"module.server[\"UK South\"].module.public_load_balancer.azurerm_lb_rule.lb_rule","module_address":"module.server[\"UK South\"].module.public_load_balancer","mode":"managed","type":"azurerm_lb_rule","name":"lb_rule","provider_name":"registry.terraform.io/hashicorp/azurerm","change":{"actions":["create"],"before":null,"after":{"backend_port":443,"disable_outbound_snat":false,"enable_floating_ip":false,"enable_tcp_reset":null,"frontend_ip_configuration_name":"terraform-session-UKS-ip","frontend_port":443,"name":"HTTPS","protocol":"Tcp","timeouts":null},"after_unknown":{"backend_address_pool_ids":true,"frontend_ip_configuration_id":true,"id":true,"idle_timeout_in_minutes":true,"load_distribution":true,"loadbalancer_id":true,"probe_id":true},"before_sensitive":false,"after_sensitive":{"backend_address_pool_ids":[]}}},{"address":"module.server[\"UK South\"].module.public_load_balancer.azurerm_public_ip.public_ip","module_address":"module.server[\"UK South\"].module.public_load_balancer","mode":"managed","type":"azurerm_public_ip","name":"public_ip","provider_name":"registry.terraform.io/hashicorp/azurerm","change":{"actions":["create"],"before":null,"after":{"allocation_method":"Static","domain_name_label":"my-public-ip1-aygeqdy-001","edge_zone":null,"idle_timeout_in_minutes":4,"ip_tags":null,"ip_version":"IPv4","location":"uksouth","name":"terraform-session-UKS-ip","public_ip_prefix_id":null,"resource_group_name":"example-resources-UKS-001","reverse_fqdn":null,"sku":"Standard","sku_tier":"Regional","tags":null,"timeouts":null,"zones":["1","2","3"]},"after_unknown":{"fqdn":true,"id":true,"ip_address":true,"zones":[false,false,false]},"before_sensitive":false,"after_sensitive":{"zones":[false,false,false]}}},{"address":"module.server[\"UK South\"].module.public_load_balancer.azurerm_traffic_manager_azure_endpoint.example_tm_endpoint","module_address":"module.server[\"UK South\"].module.public_load_balancer","mode":"managed","type":"azurerm_traffic_manager_azure_endpoint","name":"example_tm_endpoint","provider_name":"registry.terraform.io/hashicorp/azurerm","change":{"actions":["create"],"before":null,"after":{"custom_header":[],"enabled":true,"geo_mappings":null,"name":"example-tm-endpoints","subnet":[],"timeouts":null,"weight":100},"after_unknown":{"custom_header":[],"id":true,"priority":true,"profile_id":true,"subnet":[],"target_resource_id":true},"before_sensitive":false,"after_sensitive":{"custom_header":[],"subnet":[]}}},{"address":"module.server[\"UK South\"].module.public_load_balancer.azurerm_traffic_manager_profile.example_traffic_manager","module_address":"module.server[\"UK South\"].module.public_load_balancer","mode":"managed","type":"azurerm_traffic_manager_profile","name":"example_traffic_manager","provider_name":"registry.terraform.io/hashicorp/azurerm","change":{"actions":["create"],"before":null,"after":{"dns_config":[{"ttl":100}],"max_return":null,"monitor_config":[{"custom_header":[],"expected_status_code_ranges":null,"interval_in_seconds":30,"path":"/","port":443,"protocol":"HTTPS","timeout_in_seconds":9,"tolerated_number_of_failures":3}],"name":"tmp1","resource_group_name":"example-resources-UKS-001","tags":null,"timeouts":null,"traffic_routing_method":"Weighted","traffic_view_enabled":null},"after_unknown":{"dns_config":[{"relative_name":true}],"fqdn":true,"id":true,"monitor_config":[{"custom_header":[]}],"profile_status":true},"before_sensitive":false,"after_sensitive":{"dns_config":[{}],"monitor_config":[{"custom_header":[]}]}}},{"address":"module.server[\"UK South\"].module.public_load_balancer.random_id.server","module_address":"module.server[\"UK South\"].module.public_load_balancer","mode":"managed","type":"random_id","name":"server","provider_name":"registry.terraform.io/hashicorp/random","change":{"actions":["create"],"before":null,"after":{"byte_length":8,"keepers":{"azi_id":"1"},"prefix":null},"after_unknown":{"b64_std":true,"b64_url":true,"dec":true,"hex":true,"id":true,"keepers":{}},"before_sensitive":false,"after_sensitive":{"keepers":{}}}},{"address":"module.server[\"UK South\"].random_password.vm_password[0]","module_address":"module.server[\"UK South\"]","mode":"managed","type":"random_password","name":"vm_password","index":0,"provider_name":"registry.terraform.io/hashicorp/random","change":{"actions":["create"],"before":null,"after":{"keepers":null,"length":20,"lower":true,"min_lower":0,"min_numeric":0,"min_special":0,"min_upper":0,"number":true,"numeric":true,"override_special":null,"special":true,"upper":true},"after_unknown":{"bcrypt_hash":true,"id":true,"result":true},"before_sensitive":false,"after_sensitive":{"bcrypt_hash":true,"result":true}}},{"address":"module.server[\"UK South\"].random_password.vm_password[1]","module_address":"module.server[\"UK South\"]","mode":"managed","type":"random_password","name":"vm_password","index":1,"provider_name":"registry.terraform.io/hashicorp/random","change":{"actions":["create"],"before":null,"after":{"keepers":null,"length":20,"lower":true,"min_lower":0,"min_numeric":0,"min_special":0,"min_upper":0,"number":true,"numeric":true,"override_special":null,"special":true,"upper":true},"after_unknown":{"bcrypt_hash":true,"id":true,"result":true},"before_sensitive":false,"after_sensitive":{"bcrypt_hash":true,"result":true}}}],"prior_state":{"format_version":"1.0","terraform_version":"1.2.4","values":{"root_module":{"child_modules":[{"address":"module.server[\"France Central\"]","child_modules":[{"resources":[{"address":"module.server[\"France Central\"].module.key_vault.data.azurerm_client_config.current","mode":"data","type":"azurerm_client_config","name":"current","provider_name":"registry.terraform.io/hashicorp/azurerm","schema_version":0,"values":{"client_id":"04b07795-8ddb-461a-bbee-02f9e1bf7b46","id":"2022-07-26 10:37:46.9224488 +0000 UTC","object_id":"986c2649-c560-4f52-9830-aa67781b1b4d","subscription_id":"642accc6-8360-4262-b700-1b3e63995266","tenant_id":"76a2ae5a-9f00-4f6b-95ed-5d33d77c4d61","timeouts":null},"sensitive_values":{}}],"address":"module.server[\"France Central\"].module.key_vault"}]},{"address":"module.server[\"UK South\"]","child_modules":[{"resources":[{"address":"module.server[\"UK South\"].module.key_vault.data.azurerm_client_config.current","mode":"data","type":"azurerm_client_config","name":"current","provider_name":"registry.terraform.io/hashicorp/azurerm","schema_version":0,"values":{"client_id":"04b07795-8ddb-461a-bbee-02f9e1bf7b46","id":"2022-07-26 10:37:46.9224488 +0000 UTC","object_id":"986c2649-c560-4f52-9830-aa67781b1b4d","subscription_id":"642accc6-8360-4262-b700-1b3e63995266","tenant_id":"76a2ae5a-9f00-4f6b-95ed-5d33d77c4d61","timeouts":null},"sensitive_values":{}}],"address":"module.server[\"UK South\"].module.key_vault"}]}]}}},"configuration":{"provider_config":{"azurerm":{"name":"azurerm","full_name":"registry.terraform.io/hashicorp/azurerm","version_constraint":"3.13.0","expressions":{"features":[{"resource_group":[{"prevent_deletion_if_contains_resources":{"constant_value":false}}]}]}},"random":{"name":"random","full_name":"registry.terraform.io/hashicorp/random","version_constraint":"\u003e= 3.0.1"}},"root_module":{"module_calls":{"server":{"source":"./Modules/deployments/linux_virtual_machine","expressions":{"azure_resource_group_name":{"references":["var.azure_resource_group_name"]},"azure_vm_size":{"references":["var.azure_vm_size"]},"location":{"references":["each.value"]},"network_address":{"references":["var.network_address","each.value"]},"resource_instance_count":{"references":["var.resource_instance_count"]},"resource_name":{"references":["var.resource_name"]},"vm_data_disk_count":{"references":["var.data_disk_count"]},"vm_data_disk_size":{"references":["var.vm_data_disk_size"]}},"for_each_expression":{"references":["var.location"]},"module":{"resources":[{"address":"azurerm_availability_set.example_aset","mode":"managed","type":"azurerm_availability_set","name":"example_aset","provider_config_key":"azurerm","expressions":{"location":{"references":["azurerm_resource_group.terraform_session_2.location","azurerm_resource_group.terraform_session_2"]},"managed":{"constant_value":true},"name":{"references":["local.resource_name"]},"platform_fault_domain_count":{"constant_value":2},"platform_update_domain_count":{"constant_value":2},"resource_group_name":{"references":["azurerm_resource_group.terraform_session_2.name","azurerm_resource_group.terraform_session_2"]}},"schema_version":0,"count_expression":{"references":["local.platform_location_az_count"]}},{"address":"azurerm_linux_virtual_machine.main","mode":"managed","type":"azurerm_linux_virtual_machine","name":"main","provider_config_key":"azurerm","expressions":{"admin_password":{"references":["random_password.vm_password","count.index"]},"admin_username":{"references":["var.admin_username"]},"availability_set_id":{"references":["local.platform_location_az_count","azurerm_availability_set.example_aset[0].id","azurerm_availability_set.example_aset[0]","azurerm_availability_set.example_aset"]},"disable_password_authentication":{"constant_value":false},"location":{"references":["azurerm_resource_group.terraform_session_2.location","azurerm_resource_group.terraform_session_2"]},"name":{"references":["local.resource_name","count.index"]},"network_interface_ids":{"references":["azurerm_network_interface.example_nic","count.index"]},"os_disk":[{"caching":{"constant_value":"ReadOnly"},"disk_size_gb":{"references":["var.vm_disk_size"]},"name":{"references":["count.index"]},"storage_account_type":{"references":["var.vm_disk_type"]}}],"resource_group_name":{"references":["azurerm_resource_group.terraform_session_2.name","azurerm_resource_group.terraform_session_2"]},"size":{"references":["var.azure_vm_size"]},"source_image_reference":[{"offer":{"constant_value":"UbuntuServer"},"publisher":{"constant_value":"Canonical"},"sku":{"references":["var.sku_vm"]},"version":{"constant_value":"latest"}}],"tags":{"references":["var.vm_environment"]},"zone":{"references":["local.platform_location_az_count","count.index","local.platform_location_az_count"]}},"schema_version":0,"count_expression":{"references":["var.resource_instance_count"]}},{"address":"azurerm_network_interface.example_nic","mode":"managed","type":"azurerm_network_interface","name":"example_nic","provider_config_key":"azurerm","expressions":{"ip_configuration":[{"name":{"constant_value":"internal"},"private_ip_address":{"references":["var.network_address","count.index"]},"private_ip_address_allocation":{"constant_value":"Static"},"subnet_id":{"references":["module.example_vpc.subnet_id","module.example_vpc"]}}],"location":{"references":["azurerm_resource_group.terraform_session_2.location","azurerm_resource_group.terraform_session_2"]},"name":{"references":["local.resource_name","count.index"]},"resource_group_name":{"references":["azurerm_resource_group.terraform_session_2.name","azurerm_resource_group.terraform_session_2"]}},"schema_version":0,"count_expression":{"references":["var.resource_instance_count"]},"depends_on":["module.example_vpc"]},{"address":"azurerm_resource_group.terraform_session_2","mode":"managed","type":"azurerm_resource_group","name":"terraform_session_2","provider_config_key":"azurerm","expressions":{"location":{"references":["var.location"]},"name":{"references":["local.resource_group_name"]}},"schema_version":0},{"address":"random_password.vm_password","mode":"managed","type":"random_password","name":"vm_password","provider_config_key":"random","expressions":{"length":{"constant_value":20},"special":{"constant_value":true}},"schema_version":2,"count_expression":{"references":["var.resource_instance_count"]}}],"module_calls":{"data_disks":{"source":"../../resources/disks/","expressions":{"azure_resource_group_name":{"references":["azurerm_resource_group.terraform_session_2.name","azurerm_resource_group.terraform_session_2"]},"location":{"references":["azurerm_resource_group.terraform_session_2.location","azurerm_resource_group.terraform_session_2"]},"resource_environment":{"references":["var.vm_environment"]},"resource_name":{"references":["local.resource_name","count.index"]},"resource_vm_id":{"references":["azurerm_linux_virtual_machine.main","count.index"]},"resource_zone":{"references":["local.platform_location_az_count","count.index","local.platform_location_az_count"]},"vm_data_disk_count":{"references":["var.vm_data_disk_count"]},"vm_data_disk_size":{"references":["var.vm_data_disk_size"]}},"count_expression":{"references":["var.resource_instance_count"]},"module":{"resources":[{"address":"azurerm_managed_disk.disks","mode":"managed","type":"azurerm_managed_disk","name":"disks","provider_config_key":"azurerm","expressions":{"create_option":{"constant_value":"Empty"},"disk_size_gb":{"references":["var.vm_data_disk_size"]},"location":{"references":["var.location"]},"name":{"references":["var.resource_name","count.index"]},"resource_group_name":{"references":["var.azure_resource_group_name"]},"storage_account_type":{"constant_value":"Standard_LRS"},"tags":{"references":["var.resource_environment"]},"zone":{"references":["var.resource_zone","var.resource_zone"]}},"schema_version":0,"count_expression":{"references":["var.vm_data_disk_count"]}},{"address":"azurerm_virtual_machine_data_disk_attachment.disks_attach","mode":"managed","type":"azurerm_virtual_machine_data_disk_attachment","name":"disks_attach","provider_config_key":"azurerm","expressions":{"caching":{"constant_value":"ReadWrite"},"lun":{"references":["count.index"]},"managed_disk_id":{"references":["azurerm_managed_disk.disks","count.index"]},"virtual_machine_id":{"references":["var.resource_vm_id"]}},"schema_version":0,"count_expression":{"references":["var.vm_data_disk_count"]}}],"variables":{"azure_resource_group_name":{"description":"Resource Group Name"},"location":{"description":"Azure Region"},"platform_location_az_count":{"default":{"France Central":"3","UK South":"3"},"description":"Number of availability zones in the location"},"resource_environment":{"description":"Desired environment for disk resources"},"resource_name":{"description":"Name of VM"},"resource_vm_id":{"description":"source vm id"},"resource_zone":{"description":"desired zone to provision resources"},"vm_data_disk_count":{"description":"Desired size for provisioned resources for each service"},"vm_data_disk_size":{"description":"Desired sized for provisioned resources"},"vm_disk_size":{"default":"32","description":"Size of vm disk"},"vm_disk_type":{"default":"Standard_LRS","description":"Type of vm disk"}}}},"example_vpc":{"source":"../../resources/network","expressions":{"azure_resource_group_name":{"references":["azurerm_resource_group.terraform_session_2.name","azurerm_resource_group.terraform_session_2"]},"location":{"references":["azurerm_resource_group.terraform_session_2.location","azurerm_resource_group.terraform_session_2"]},"network_address":{"references":["var.network_address"]},"network_name":{"references":["var.network_name"]},"resource_instance_count":{"references":["var.resource_instance_count"]}},"module":{"outputs":{"network_id":{"expression":{"references":["azurerm_virtual_network.example_vpc.id","azurerm_virtual_network.example_vpc"]}},"subnet_id":{"expression":{"references":["azurerm_subnet.example_subnet.id","azurerm_subnet.example_subnet"]}}},"resources":[{"address":"azurerm_network_security_group.network_security_group","mode":"managed","type":"azurerm_network_security_group","name":"network_security_group","provider_config_key":"azurerm","expressions":{"location":{"references":["var.location"]},"name":{"references":["var.subnet_name"]},"resource_group_name":{"references":["var.azure_resource_group_name"]}},"schema_version":0},{"address":"azurerm_route.UDR_internet","mode":"managed","type":"azurerm_route","name":"UDR_internet","provider_config_key":"azurerm","expressions":{"address_prefix":{"constant_value":"0.0.0.0/0"},"name":{"constant_value":"UDR_internet"},"next_hop_type":{"constant_value":"Internet"},"resource_group_name":{"references":["var.azure_resource_group_name"]},"route_table_name":{"references":["azurerm_route_table.route_table.name","azurerm_route_table.route_table"]}},"schema_version":0},{"address":"azurerm_route_table.route_table","mode":"managed","type":"azurerm_route_table","name":"route_table","provider_config_key":"azurerm","expressions":{"disable_bgp_route_propagation":{"constant_value":false},"location":{"references":["var.location"]},"name":{"references":["var.subnet_name"]},"resource_group_name":{"references":["var.azure_resource_group_name"]}},"schema_version":0},{"address":"azurerm_subnet.example_subnet","mode":"managed","type":"azurerm_subnet","name":"example_subnet","provider_config_key":"azurerm","expressions":{"address_prefixes":{"references":["var.network_address"]},"name":{"references":["var.subnet_name"]},"resource_group_name":{"references":["var.azure_resource_group_name"]},"virtual_network_name":{"references":["azurerm_virtual_network.example_vpc.name","azurerm_virtual_network.example_vpc"]}},"schema_version":0},{"address":"azurerm_subnet_network_security_group_association.network_security_group_assocation","mode":"managed","type":"azurerm_subnet_network_security_group_association","name":"network_security_group_assocation","provider_config_key":"azurerm","expressions":{"network_security_group_id":{"references":["azurerm_network_security_group.network_security_group.id","azurerm_network_security_group.network_security_group"]},"subnet_id":{"references":["azurerm_subnet.example_subnet.id","azurerm_subnet.example_subnet"]}},"schema_version":0},{"address":"azurerm_subnet_route_table_association.subnet_association","mode":"managed","type":"azurerm_subnet_route_table_association","name":"subnet_association","provider_config_key":"azurerm","expressions":{"route_table_id":{"references":["azurerm_route_table.route_table.id","azurerm_route_table.route_table"]},"subnet_id":{"references":["azurerm_subnet.example_subnet.id","azurerm_subnet.example_subnet"]}},"schema_version":0},{"address":"azurerm_virtual_network.example_vpc","mode":"managed","type":"azurerm_virtual_network","name":"example_vpc","provider_config_key":"azurerm","expressions":{"address_space":{"references":["var.network_address"]},"location":{"references":["var.location"]},"name":{"references":["var.network_name"]},"resource_group_name":{"references":["var.azure_resource_group_name"]}},"schema_version":0}],"variables":{"azure_resource_group_name":{"description":"Resource Group Name"},"location":{"description":"Azure Region"},"network_address":{"description":"Network address space"},"network_name":{"default":"servernetwork","description":"Name of network"},"platform_location_az_count":{"default":{"France Central":"3","UK South":"3"},"description":"Number of availability zones in the location"},"resource_instance_count":{"description":"Number of VMs to deploy"},"subnet_name":{"default":"serversubnet","description":"name of subnet"}}}},"key_vault":{"source":"../../resources/key_vault","expressions":{"azure_key_vault":{"references":["local.resource_name"]},"azure_resource_group_name":{"references":["azurerm_resource_group.terraform_session_2.name","azurerm_resource_group.terraform_session_2"]},"key_vault_password":{"references":["random_password.vm_password"]},"location":{"references":["azurerm_resource_group.terraform_session_2.location","azurerm_resource_group.terraform_session_2"]},"resource_instance_count":{"references":["var.resource_instance_count"]}},"module":{"resources":[{"address":"azurerm_key_vault.example_key_vault","mode":"managed","type":"azurerm_key_vault","name":"example_key_vault","provider_config_key":"azurerm","expressions":{"access_policy":{"references":["data.azurerm_client_config.current.object_id","data.azurerm_client_config.current","data.azurerm_client_config.current.tenant_id","data.azurerm_client_config.current"]},"enabled_for_disk_encryption":{"constant_value":true},"location":{"references":["var.location"]},"name":{"references":["local.kvname"]},"purge_protection_enabled":{"constant_value":false},"resource_group_name":{"references":["var.azure_resource_group_name"]},"sku_name":{"constant_value":"standard"},"soft_delete_retention_days":{"constant_value":7},"tenant_id":{"references":["data.azurerm_client_config.current.tenant_id","data.azurerm_client_config.current"]}},"schema_version":2},{"address":"azurerm_key_vault_secret.example","mode":"managed","type":"azurerm_key_vault_secret","name":"example","provider_config_key":"azurerm","expressions":{"key_vault_id":{"references":["azurerm_key_vault.example_key_vault.id","azurerm_key_vault.example_key_vault"]},"name":{"references":["var.azure_key_vault"]},"value":{"references":["var.key_vault_password","count.index"]}},"schema_version":0,"count_expression":{"references":["var.resource_instance_count"]}},{"address":"random_id.id","mode":"managed","type":"random_id","name":"id","provider_config_key":"random","expressions":{"byte_length":{"constant_value":4}},"schema_version":0},{"address":"data.azurerm_client_config.current","mode":"data","type":"azurerm_client_config","name":"current","provider_config_key":"azurerm","schema_version":0}],"variables":{"azure_key_vault":{"default":"kv","description":"Name for the Azure Key Vault"},"azure_resource_group_name":{"default":"example-resources","description":"Resource Group Name"},"azure_tm_endpoints":{"default":"example-tm-endpoints","description":"Name for the Azure Traffic Manager Endpoints"},"azure_tmp":{"default":"tmp1","description":"Name for Azure Traffic Manager Profile"},"azure_vm_size":{"default":"Standard_F2","description":"The Size of our Azure Virtual Machine"},"data_disk_count":{"default":1,"description":"Desired size for provisioned resources for each service"},"key_vault_password":{"description":"Password for Key Vault"},"location":{"description":"Azure Region"},"network_address":{"default":{"France Central":"10.1.0.0/22","UK South":"10.0.0.0/22"},"description":"Network address space"},"resource_instance_count":{"description":"Number of VMs to deploy"},"resource_name":{"default":"terraform-session","description":"Name For The Azure Virtual Machine"},"unique_ID":{"default":"001","description":"Unique ID"},"vm_data_disk_size":{"default":32,"description":"Desired sized for provisioned resources"}}}},"public_load_balancer":{"source":"../../resources/public_load_balancer","expressions":{"azure_resource_group_name":{"references":["azurerm_resource_group.terraform_session_2.name","azurerm_resource_group.terraform_session_2"]},"location":{"references":["azurerm_resource_group.terraform_session_2.location","azurerm_resource_group.terraform_session_2"]},"network_address":{"references":["var.network_address"]},"resource_instance_count":{"references":["var.resource_instance_count"]},"resource_name":{"references":["local.resource_name"]},"vm_environment":{"references":["var.vm_environment"]},"vm_network_id":{"references":["module.example_vpc.network_id","module.example_vpc"]}},"module":{"resources":[{"address":"azurerm_lb.load_balancer","mode":"managed","type":"azurerm_lb","name":"load_balancer","provider_config_key":"azurerm","expressions":{"frontend_ip_configuration":[{"name":{"references":["azurerm_public_ip.public_ip.name","azurerm_public_ip.public_ip"]},"public_ip_address_id":{"references":["azurerm_public_ip.public_ip.id","azurerm_public_ip.public_ip"]}}],"location":{"references":["var.location"]},"name":{"references":["var.resource_name"]},"resource_group_name":{"references":["var.azure_resource_group_name"]},"sku":{"constant_value":"Standard"}},"schema_version":0},{"address":"azurerm_lb_backend_address_pool.backend_address_pool","mode":"managed","type":"azurerm_lb_backend_address_pool","name":"backend_address_pool","provider_config_key":"azurerm","expressions":{"loadbalancer_id":{"references":["azurerm_lb.load_balancer.id","azurerm_lb.load_balancer"]},"name":{"references":["var.resource_name"]}},"schema_version":0},{"address":"azurerm_lb_backend_address_pool_address.backend_address_pool_address","mode":"managed","type":"azurerm_lb_backend_address_pool_address","name":"backend_address_pool_address","provider_config_key":"azurerm","expressions":{"backend_address_pool_id":{"references":["azurerm_lb_backend_address_pool.backend_address_pool.id","azurerm_lb_backend_address_pool.backend_address_pool"]},"ip_address":{"references":["var.network_address","count.index"]},"name":{"references":["var.resource_name","count.index"]},"virtual_network_id":{"references":["var.vm_network_id"]}},"schema_version":0,"count_expression":{"references":["var.resource_instance_count"]}},{"address":"azurerm_lb_probe.probe","mode":"managed","type":"azurerm_lb_probe","name":"probe","provider_config_key":"azurerm","expressions":{"loadbalancer_id":{"references":["azurerm_lb.load_balancer.id","azurerm_lb.load_balancer"]},"name":{"constant_value":"HTTPS"},"port":{"constant_value":443}},"schema_version":0},{"address":"azurerm_lb_rule.lb_rule","mode":"managed","type":"azurerm_lb_rule","name":"lb_rule","provider_config_key":"azurerm","expressions":{"backend_address_pool_ids":{"references":["azurerm_lb_backend_address_pool.backend_address_pool.id","azurerm_lb_backend_address_pool.backend_address_pool"]},"backend_port":{"references":["azurerm_lb_probe.probe.port","azurerm_lb_probe.probe"]},"frontend_ip_configuration_name":{"references":["azurerm_public_ip.public_ip.name","azurerm_public_ip.public_ip"]},"frontend_port":{"references":["azurerm_lb_probe.probe.port","azurerm_lb_probe.probe"]},"loadbalancer_id":{"references":["azurerm_lb.load_balancer.id","azurerm_lb.load_balancer"]},"name":{"references":["azurerm_lb_probe.probe.name","azurerm_lb_probe.probe"]},"probe_id":{"references":["azurerm_lb_probe.probe.id","azurerm_lb_probe.probe"]},"protocol":{"constant_value":"Tcp"}},"schema_version":0},{"address":"azurerm_public_ip.public_ip","mode":"managed","type":"azurerm_public_ip","name":"public_ip","provider_config_key":"azurerm","expressions":{"allocation_method":{"constant_value":"Static"},"domain_name_label":{"references":["var.unique_ID"]},"location":{"references":["var.location"]},"name":{"references":["var.resource_name"]},"resource_group_name":{"references":["var.azure_resource_group_name"]},"sku":{"constant_value":"Standard"},"zones":{"references":["var.platform_location_az_count","var.location"]}},"schema_version":0},{"address":"azurerm_traffic_manager_azure_endpoint.example_tm_endpoint","mode":"managed","type":"azurerm_traffic_manager_azure_endpoint","name":"example_tm_endpoint","provider_config_key":"azurerm","expressions":{"name":{"references":["var.azure_tm_endpoints"]},"profile_id":{"references":["azurerm_traffic_manager_profile.example_traffic_manager.id","azurerm_traffic_manager_profile.example_traffic_manager"]},"target_resource_id":{"references":["azurerm_public_ip.public_ip.id","azurerm_public_ip.public_ip"]},"weight":{"constant_value":100}},"schema_version":0},{"address":"azurerm_traffic_manager_profile.example_traffic_manager","mode":"managed","type":"azurerm_traffic_manager_profile","name":"example_traffic_manager","provider_config_key":"azurerm","expressions":{"dns_config":[{"relative_name":{"references":["random_id.server.hex","random_id.server"]},"ttl":{"constant_value":100}}],"monitor_config":[{"interval_in_seconds":{"constant_value":30},"path":{"constant_value":"/"},"port":{"constant_value":443},"protocol":{"constant_value":"HTTPS"},"timeout_in_seconds":{"constant_value":9},"tolerated_number_of_failures":{"constant_value":3}}],"name":{"references":["var.azure_tmp"]},"resource_group_name":{"references":["var.azure_resource_group_name"]},"traffic_routing_method":{"constant_value":"Weighted"}},"schema_version":0},{"address":"random_id.server","mode":"managed","type":"random_id","name":"server","provider_config_key":"random","expressions":{"byte_length":{"constant_value":8},"keepers":{"constant_value":{"azi_id":1}}},"schema_version":0}],"variables":{"azure_resource_group_name":{"description":"Resource Group Name"},"azure_tm_endpoints":{"default":"example-tm-endpoints","description":"Name for the Azure Traffic Manager Endpoints"},"azure_tmp":{"default":"tmp1","description":"Name for Azure Traffic Manager Profile"},"location":{"description":"Azure Region"},"network_address":{"description":"Network Address space"},"platform_location_az_count":{"default":{"northeurope":["1","2","3"],"uksouth":["1","2","3"]},"description":"Number of availability zones in the location"},"resource_instance_count":{"description":"Number of VMs to deploy"},"resource_name":{"description":"Name of VM"},"unique_ID":{"default":"001","description":"Unique ID"},"vm_environment":{"description":"Environment of VM"},"vm_network_id":{"description":"Network ID for the provisioned resources"}}}}},"variables":{"admin_username":{"default":"Graduates","description":"Username for our VM"},"azure_resource_group_name":{"description":"Resource Group Name"},"azure_vm_size":{"description":"The Size of our Azure Virtual Machine"},"location":{"description":"Azure Region"},"network_address":{"description":"Network address space"},"network_name":{"default":"servernetwork","description":"Name of network"},"platform_location_az_count":{"default":{"France Central":"0","UK South":"3"},"description":"Number of availability zones in the location"},"resource_instance_count":{"description":"Number of VMs to deploy"},"resource_name":{"description":"Name of VM"},"sku_vm":{"default":"16.04-LTS","description":"The SKU of our Virtual Machine"},"subnet_name":{"default":"serversubnet","description":"name of subnet"},"unique_ID":{"default":"001","description":"Unique ID"},"vm_data_disk_count":{"default":0,"description":"Desired size for the provisioned resources for each service"},"vm_data_disk_size":{"default":0,"description":"Desired sized for provisioned resources"},"vm_disk_size":{"default":"32","description":"Size of vm disk"},"vm_disk_type":{"default":"Standard_LRS","description":"Type of vm disk"},"vm_environment":{"default":"Production","description":"Environment of VM"}}}}},"variables":{"azure_resource_group_name":{"default":"example-resources","description":"Resource Group Name"},"azure_tm_endpoints":{"default":"example-tm-endpoints","description":"Name for the Azure Traffic Manager Endpoints"},"azure_tmp":{"default":"tmp1","description":"Name for Azure Traffic Manager Profile"},"azure_vm_size":{"default":"Standard_F2","description":"The Size of our Azure Virtual Machine"},"data_disk_count":{"default":1,"description":"Desired size for provisioned resources for each service"},"location":{"default":["UK South","France Central"],"description":"Azure Region"},"network_address":{"default":{"France Central":"10.1.0.0/22","UK South":"10.0.0.0/22"},"description":"Network address space"},"resource_instance_count":{"default":"2","description":"Number of VMs to deploy"},"resource_name":{"default":"terraform-session","description":"Name For The Azure Virtual Machine"},"unique_ID":{"default":"001","description":"Unique ID"},"vm_data_disk_size":{"default":32,"description":"Desired sized for provisioned resources"}}}},"relevant_attributes":[{"resource":"module.server[\"France Central\"].module.public_load_balancer.azurerm_lb_probe.probe","attribute":["port"]},{"resource":"module.server[\"UK South\"].module.public_load_balancer.azurerm_lb_probe.probe","attribute":["port"]},{"resource":"module.server[\"France Central\"].azurerm_network_interface.example_nic","attribute":[]},{"resource":"module.server[\"France Central\"].module.public_load_balancer.azurerm_public_ip.public_ip","attribute":["name"]},{"resource":"module.server[\"France Central\"].module.key_vault.data.azurerm_client_config.current","attribute":["tenant_id"]},{"resource":"module.server[\"France Central\"].module.key_vault.azurerm_key_vault.example_key_vault","attribute":["id"]},{"resource":"module.server[\"UK South\"].module.key_vault.azurerm_key_vault.example_key_vault","attribute":["id"]},{"resource":"module.server[\"France Central\"].module.public_load_balancer.azurerm_lb_backend_address_pool.backend_address_pool","attribute":["id"]},{"resource":"module.server[\"France Central\"].module.public_load_balancer.random_id.server","attribute":["hex"]},{"resource":"module.server[\"France Central\"].module.key_vault.data.azurerm_client_config.current","attribute":["object_id"]},{"resource":"module.server[\"France Central\"].module.example_vpc.azurerm_subnet.example_subnet","attribute":["id"]},{"resource":"module.server[\"France Central\"].module.data_disks[1].azurerm_managed_disk.disks","attribute":[]},{"resource":"module.server[\"UK South\"].module.public_load_balancer.azurerm_public_ip.public_ip","attribute":["id"]},{"resource":"module.server[\"UK South\"].module.example_vpc.azurerm_route_table.route_table","attribute":["id"]},{"resource":"module.server[\"France Central\"].azurerm_linux_virtual_machine.main","attribute":[]},{"resource":"module.server[\"France Central\"].module.example_vpc.azurerm_route_table.route_table","attribute":["name"]},{"resource":"module.server[\"France Central\"].module.public_load_balancer.azurerm_lb_probe.probe","attribute":["id"]},{"resource":"module.server[\"France Central\"].azurerm_availability_set.example_aset[0]","attribute":["id"]},{"resource":"module.server[\"UK South\"].module.example_vpc.azurerm_route_table.route_table","attribute":["name"]},{"resource":"module.server[\"UK South\"].module.key_vault.data.azurerm_client_config.current","attribute":["tenant_id"]},{"resource":"module.server[\"France Central\"].module.public_load_balancer.azurerm_public_ip.public_ip","attribute":["id"]},{"resource":"module.server[\"France Central\"].module.public_load_balancer.azurerm_lb_probe.probe","attribute":["name"]},{"resource":"module.server[\"UK South\"].module.key_vault.random_id.id","attribute":["hex"]},{"resource":"module.server[\"France Central\"].module.example_vpc.azurerm_route_table.route_table","attribute":["id"]},{"resource":"module.server[\"UK South\"].module.public_load_balancer.azurerm_lb_probe.probe","attribute":["id"]},{"resource":"module.server[\"France Central\"].random_password.vm_password","attribute":[]},{"resource":"module.server[\"UK South\"].module.data_disks[0].azurerm_managed_disk.disks","attribute":[]},{"resource":"module.server[\"UK South\"].random_password.vm_password","attribute":[]},{"resource":"module.server[\"UK South\"].module.data_disks[1].azurerm_managed_disk.disks","attribute":[]},{"resource":"module.server[\"France Central\"].module.example_vpc.azurerm_virtual_network.example_vpc","attribute":["id"]},{"resource":"module.server[\"France Central\"].azurerm_resource_group.terraform_session_2","attribute":["location"]},{"resource":"module.server[\"UK South\"].module.public_load_balancer.azurerm_traffic_manager_profile.example_traffic_manager","attribute":["id"]},{"resource":"module.server[\"France Central\"].module.public_load_balancer.azurerm_traffic_manager_profile.example_traffic_manager","attribute":["id"]},{"resource":"module.server[\"UK South\"].module.public_load_balancer.azurerm_lb.load_balancer","attribute":["id"]},{"resource":"module.server[\"UK South\"].module.public_load_balancer.azurerm_public_ip.public_ip","attribute":["name"]},{"resource":"module.server[\"France Central\"].module.example_vpc.azurerm_network_security_group.network_security_group","attribute":["id"]},{"resource":"module.server[\"UK South\"].module.example_vpc.azurerm_network_security_group.network_security_group","attribute":["id"]},{"resource":"module.server[\"UK South\"].module.example_vpc.azurerm_virtual_network.example_vpc","attribute":["id"]},{"resource":"module.server[\"UK South\"].azurerm_linux_virtual_machine.main","attribute":[]},{"resource":"module.server[\"UK South\"].module.example_vpc.azurerm_virtual_network.example_vpc","attribute":["name"]},{"resource":"module.server[\"France Central\"].module.public_load_balancer.azurerm_lb.load_balancer","attribute":["id"]},{"resource":"module.server[\"UK South\"].azurerm_resource_group.terraform_session_2","attribute":["name"]},{"resource":"module.server[\"France Central\"].azurerm_resource_group.terraform_session_2","attribute":["name"]},{"resource":"module.server[\"UK South\"].module.public_load_balancer.random_id.server","attribute":["hex"]},{"resource":"module.server[\"UK South\"].azurerm_resource_group.terraform_session_2","attribute":["location"]},{"resource":"module.server[\"UK South\"].azurerm_network_interface.example_nic","attribute":[]},{"resource":"module.server[\"UK South\"].module.key_vault.data.azurerm_client_config.current","attribute":["object_id"]},{"resource":"module.server[\"France Central\"].module.example_vpc.azurerm_virtual_network.example_vpc","attribute":["name"]},{"resource":"module.server[\"UK South\"].module.public_load_balancer.azurerm_lb_backend_address_pool.backend_address_pool","attribute":["id"]},{"resource":"module.server[\"UK South\"].module.example_vpc.azurerm_subnet.example_subnet","attribute":["id"]},{"resource":"module.server[\"UK South\"].module.public_load_balancer.azurerm_lb_probe.probe","attribute":["name"]},{"resource":"module.server[\"France Central\"].module.data_disks[0].azurerm_managed_disk.disks","attribute":[]},{"resource":"module.server[\"UK South\"].azurerm_availability_set.example_aset[0]","attribute":["id"]},{"resource":"module.server[\"France Central\"].module.key_vault.random_id.id","attribute":["hex"]}]}
